{
  "version": 4,
  "terraform_version": "1.13.5",
  "serial": 108,
  "lineage": "4916e005-fcb8-e8c9-8eb5-5d6d34614ac1",
  "outputs": {
    "batch_job_definition_arn": {
      "value": "arn:aws:batch:us-east-1:585780419748:job-definition/gpu-batch-gpu-generic:1",
      "type": "string"
    },
    "batch_job_queue_name": {
      "value": "gpu-batch-gpu-queue",
      "type": "string"
    },
    "cross_account_role_arn": {
      "value": "arn:aws:iam::585780419748:role/DataOpsContributor",
      "type": "string"
    },
    "ecr_base_image_url": {
      "value": "585780419748.dkr.ecr.us-east-1.amazonaws.com/gpu-base",
      "type": "string"
    },
    "ecr_repository_url": {
      "value": "585780419748.dkr.ecr.us-east-1.amazonaws.com/gpu-jobs",
      "type": "string"
    },
    "external_id": {
      "value": "gpu-batch-fall-2025-secret",
      "type": "string",
      "sensitive": true
    },
    "fsx_mount_command": {
      "value": {
        "dns_name": "fs-03887c188e727f660.fsx.us-east-1.amazonaws.com",
        "mount_name": "cwlozbuv",
        "mount_path": "/fsx"
      },
      "type": [
        "object",
        {
          "dns_name": "string",
          "mount_name": "string",
          "mount_path": "string"
        }
      ]
    },
    "s3_buckets": {
      "value": {
        "checkpoints": "model-checkpoints-585780419748-us-east-1",
        "finished": "data-finished-585780419748-us-east-1",
        "raw": "data-raw-585780419748-us-east-1"
      },
      "type": [
        "object",
        {
          "checkpoints": "string",
          "finished": "string",
          "raw": "string"
        }
      ]
    },
    "team_instructions_nonsensitive": {
      "value": "aws sts assume-role \\\n  --role-arn arn:aws:iam::585780419748:role/DataOpsContributor \\\n  --role-session-name \u003cyour-alias\u003e \\\n  --external-id \u003cprovided-out-of-band\u003e\n",
      "type": "string"
    }
  },
  "resources": [
    {
      "mode": "data",
      "type": "aws_availability_zones",
      "name": "available",
      "provider": "provider[\"registry.terraform.io/hashicorp/aws\"]",
      "instances": [
        {
          "schema_version": 0,
          "attributes": {
            "all_availability_zones": null,
            "exclude_names": null,
            "exclude_zone_ids": null,
            "filter": null,
            "group_names": [
              "us-east-1-zg-1"
            ],
            "id": "us-east-1",
            "names": [
              "us-east-1a",
              "us-east-1b",
              "us-east-1c",
              "us-east-1d",
              "us-east-1e",
              "us-east-1f"
            ],
            "state": null,
            "timeouts": null,
            "zone_ids": [
              "use1-az1",
              "use1-az2",
              "use1-az4",
              "use1-az6",
              "use1-az3",
              "use1-az5"
            ]
          },
          "sensitive_attributes": [],
          "identity_schema_version": 0
        }
      ]
    },
    {
      "mode": "data",
      "type": "aws_caller_identity",
      "name": "current",
      "provider": "provider[\"registry.terraform.io/hashicorp/aws\"]",
      "instances": [
        {
          "schema_version": 0,
          "attributes": {
            "account_id": "585780419748",
            "arn": "arn:aws:iam::585780419748:root",
            "id": "585780419748",
            "user_id": "585780419748"
          },
          "sensitive_attributes": [],
          "identity_schema_version": 0
        }
      ]
    },
    {
      "mode": "data",
      "type": "aws_secretsmanager_secret",
      "name": "data_ui_creds",
      "provider": "provider[\"registry.terraform.io/hashicorp/aws\"]",
      "instances": [
        {
          "schema_version": 0,
          "attributes": {
            "arn": "arn:aws:secretsmanager:us-east-1:585780419748:secret:User-Keys-n8ldAJ",
            "created_date": "2025-11-09T23:34:07Z",
            "description": "My access and secret keys",
            "id": "arn:aws:secretsmanager:us-east-1:585780419748:secret:User-Keys-n8ldAJ",
            "kms_key_id": "",
            "last_changed_date": "2025-11-09T23:34:07Z",
            "name": "User-Keys",
            "policy": "",
            "tags": {}
          },
          "sensitive_attributes": [],
          "identity_schema_version": 0
        }
      ]
    },
    {
      "mode": "data",
      "type": "aws_vpc",
      "name": "selected",
      "provider": "provider[\"registry.terraform.io/hashicorp/aws\"]",
      "instances": [
        {
          "schema_version": 0,
          "attributes": {
            "arn": "arn:aws:ec2:us-east-1:585780419748:vpc/vpc-013e4c03afc08dde1",
            "cidr_block": "10.0.0.0/16",
            "cidr_block_associations": [
              {
                "association_id": "vpc-cidr-assoc-084ec2eb571b5b66c",
                "cidr_block": "10.0.0.0/16",
                "state": "associated"
              }
            ],
            "default": false,
            "dhcp_options_id": "dopt-01cb55dc77c90eecb",
            "enable_dns_hostnames": true,
            "enable_dns_support": true,
            "enable_network_address_usage_metrics": false,
            "filter": null,
            "id": "vpc-013e4c03afc08dde1",
            "instance_tenancy": "default",
            "ipv6_association_id": "",
            "ipv6_cidr_block": "",
            "main_route_table_id": "rtb-07a03eb7b7b6e3b31",
            "owner_id": "585780419748",
            "state": null,
            "tags": {
              "Environment": "dev",
              "ManagedBy": "Terraform",
              "Name": "gpu-batch-vpc",
              "Project": "GPU-Batch-Processing"
            },
            "timeouts": null
          },
          "sensitive_attributes": [],
          "identity_schema_version": 0
        }
      ]
    },
    {
      "mode": "managed",
      "type": "aws_batch_compute_environment",
      "name": "gpu_spot",
      "provider": "provider[\"registry.terraform.io/hashicorp/aws\"]",
      "instances": [
        {
          "schema_version": 0,
          "attributes": {
            "arn": "arn:aws:batch:us-east-1:585780419748:compute-environment/gpu-batch-gpu-spot",
            "compute_environment_name": "gpu-batch-gpu-spot",
            "compute_environment_name_prefix": "",
            "compute_resources": [
              {
                "allocation_strategy": "BEST_FIT_PROGRESSIVE",
                "bid_percentage": 100,
                "desired_vcpus": 0,
                "ec2_configuration": [
                  {
                    "image_id_override": "",
                    "image_type": "ECS_AL2_NVIDIA"
                  }
                ],
                "ec2_key_pair": "",
                "image_id": "",
                "instance_role": "arn:aws:iam::585780419748:instance-profile/gpu-batch-batch-instance-profile",
                "instance_type": [
                  "g5.4xlarge",
                  "g5.8xlarge"
                ],
                "launch_template": [
                  {
                    "launch_template_id": "lt-0c58e6b292144033b",
                    "launch_template_name": "",
                    "version": "$Latest"
                  }
                ],
                "max_vcpus": 256,
                "min_vcpus": 0,
                "placement_group": "",
                "security_group_ids": [
                  "sg-0c3ef68715e5dbca9"
                ],
                "spot_iam_fleet_role": "arn:aws:iam::585780419748:role/gpu-batch-spot-fleet-role",
                "subnets": [
                  "subnet-005584f2e073f35a9",
                  "subnet-01aa542b0b47405a8"
                ],
                "tags": {
                  "Environment": "dev",
                  "Name": "gpu-batch-batch-gpu-instance",
                  "Project": "gpu-batch"
                },
                "type": "SPOT"
              }
            ],
            "ecs_cluster_arn": "arn:aws:ecs:us-east-1:585780419748:cluster/gpu-batch-gpu-spot_Batch_83429f18-121c-3fa2-b078-aff1023086b4",
            "eks_configuration": [],
            "id": "gpu-batch-gpu-spot",
            "service_role": "arn:aws:iam::585780419748:role/gpu-batch-batch-service-role",
            "state": "ENABLED",
            "status": "VALID",
            "status_reason": "ComputeEnvironment Healthy",
            "tags": {
              "Environment": "dev",
              "Project": "gpu-batch"
            },
            "tags_all": {
              "Environment": "dev",
              "ManagedBy": "Terraform",
              "Project": "gpu-batch"
            },
            "type": "MANAGED",
            "update_policy": []
          },
          "sensitive_attributes": [],
          "identity_schema_version": 0,
          "private": "bnVsbA==",
          "dependencies": [
            "aws_fsx_lustre_file_system.checkpoints",
            "aws_iam_instance_profile.batch_instance",
            "aws_iam_role.batch_instance",
            "aws_iam_role.batch_service",
            "aws_iam_role.spot_fleet",
            "aws_launch_template.batch_gpu",
            "aws_security_group.batch_compute",
            "aws_security_group.fsx_lustre",
            "module.vpc.aws_subnet.private",
            "module.vpc.aws_vpc.this",
            "module.vpc.aws_vpc_ipv4_cidr_block_association.this"
          ]
        }
      ]
    },
    {
      "mode": "managed",
      "type": "aws_batch_job_definition",
      "name": "gpu_generic",
      "provider": "provider[\"registry.terraform.io/hashicorp/aws\"]",
      "instances": [
        {
          "schema_version": 0,
          "attributes": {
            "arn": "arn:aws:batch:us-east-1:585780419748:job-definition/gpu-batch-gpu-generic:1",
            "arn_prefix": "arn:aws:batch:us-east-1:585780419748:job-definition/gpu-batch-gpu-generic",
            "container_properties": "{\"command\":[\"bash\",\"-c\",\"echo 'Override this command'\"],\"environment\":[{\"name\":\"FSX_MOUNT\",\"value\":\"/fsx\"}],\"executionRoleArn\":\"arn:aws:iam::585780419748:role/gpu-batch-batch-execution-role\",\"image\":\"585780419748.dkr.ecr.us-east-1.amazonaws.com/gpu-jobs:latest\",\"jobRoleArn\":\"arn:aws:iam::585780419748:role/gpu-batch-batch-job-role\",\"logConfiguration\":{\"logDriver\":\"awslogs\",\"options\":{\"awslogs-group\":\"/aws/batch/gpu-batch\",\"awslogs-region\":\"us-east-1\",\"awslogs-stream-prefix\":\"gpu-job\"},\"secretOptions\":[]},\"mountPoints\":[{\"containerPath\":\"/fsx\",\"sourceVolume\":\"fsx-lustre\"}],\"resourceRequirements\":[{\"type\":\"GPU\",\"value\":\"1\"},{\"type\":\"VCPU\",\"value\":\"4\"},{\"type\":\"MEMORY\",\"value\":\"30000\"}],\"secrets\":[],\"ulimits\":[],\"volumes\":[{\"host\":{\"sourcePath\":\"/fsx\"},\"name\":\"fsx-lustre\"}]}",
            "deregister_on_new_revision": true,
            "ecs_properties": "",
            "eks_properties": [],
            "id": "arn:aws:batch:us-east-1:585780419748:job-definition/gpu-batch-gpu-generic:1",
            "name": "gpu-batch-gpu-generic",
            "node_properties": "",
            "parameters": {},
            "platform_capabilities": [
              "EC2"
            ],
            "propagate_tags": false,
            "retry_strategy": [
              {
                "attempts": 1,
                "evaluate_on_exit": []
              }
            ],
            "revision": 1,
            "scheduling_priority": 0,
            "tags": {
              "Environment": "dev",
              "Project": "gpu-batch"
            },
            "tags_all": {
              "Environment": "dev",
              "ManagedBy": "Terraform",
              "Project": "gpu-batch"
            },
            "timeout": [
              {
                "attempt_duration_seconds": 86400
              }
            ],
            "type": "container"
          },
          "sensitive_attributes": [],
          "identity_schema_version": 0,
          "private": "bnVsbA==",
          "dependencies": [
            "aws_cloudwatch_log_group.batch_jobs",
            "aws_ecr_repository.gpu_jobs",
            "aws_iam_role.batch_execution",
            "aws_iam_role.batch_job"
          ]
        }
      ]
    },
    {
      "mode": "managed",
      "type": "aws_batch_job_queue",
      "name": "gpu_queue",
      "provider": "provider[\"registry.terraform.io/hashicorp/aws\"]",
      "instances": [
        {
          "schema_version": 1,
          "attributes": {
            "arn": "arn:aws:batch:us-east-1:585780419748:job-queue/gpu-batch-gpu-queue",
            "compute_environment_order": [
              {
                "compute_environment": "arn:aws:batch:us-east-1:585780419748:compute-environment/gpu-batch-gpu-spot",
                "order": 1
              }
            ],
            "compute_environments": null,
            "id": "arn:aws:batch:us-east-1:585780419748:job-queue/gpu-batch-gpu-queue",
            "job_state_time_limit_action": [],
            "name": "gpu-batch-gpu-queue",
            "priority": 1,
            "scheduling_policy_arn": null,
            "state": "ENABLED",
            "tags": {
              "Environment": "dev",
              "Project": "gpu-batch"
            },
            "tags_all": {
              "Environment": "dev",
              "ManagedBy": "Terraform",
              "Project": "gpu-batch"
            },
            "timeouts": null
          },
          "sensitive_attributes": [],
          "identity_schema_version": 0,
          "dependencies": [
            "aws_batch_compute_environment.gpu_spot",
            "aws_fsx_lustre_file_system.checkpoints",
            "aws_iam_instance_profile.batch_instance",
            "aws_iam_role.batch_instance",
            "aws_iam_role.batch_service",
            "aws_iam_role.spot_fleet",
            "aws_launch_template.batch_gpu",
            "aws_security_group.batch_compute",
            "aws_security_group.fsx_lustre",
            "module.vpc.aws_subnet.private",
            "module.vpc.aws_vpc.this",
            "module.vpc.aws_vpc_ipv4_cidr_block_association.this"
          ]
        }
      ]
    },
    {
      "mode": "managed",
      "type": "aws_cloudwatch_event_rule",
      "name": "batch_failures",
      "provider": "provider[\"registry.terraform.io/hashicorp/aws\"]",
      "instances": [
        {
          "schema_version": 1,
          "attributes": {
            "arn": "arn:aws:events:us-east-1:585780419748:rule/gpu-batch-batch-failures",
            "description": "Capture Batch job failures",
            "event_bus_name": "default",
            "event_pattern": "{\"detail\":{\"jobQueue\":[\"arn:aws:batch:us-east-1:585780419748:job-queue/gpu-batch-gpu-queue\"],\"status\":[\"FAILED\"]},\"detail-type\":[\"Batch Job State Change\"],\"source\":[\"aws.batch\"]}",
            "force_destroy": false,
            "id": "gpu-batch-batch-failures",
            "is_enabled": true,
            "name": "gpu-batch-batch-failures",
            "name_prefix": "",
            "role_arn": "",
            "schedule_expression": "",
            "state": "ENABLED",
            "tags": {
              "Environment": "dev",
              "Project": "gpu-batch"
            },
            "tags_all": {
              "Environment": "dev",
              "ManagedBy": "Terraform",
              "Project": "gpu-batch"
            }
          },
          "sensitive_attributes": [],
          "identity_schema_version": 0,
          "private": "eyJzY2hlbWFfdmVyc2lvbiI6IjEifQ==",
          "dependencies": [
            "aws_batch_compute_environment.gpu_spot",
            "aws_batch_job_queue.gpu_queue",
            "aws_fsx_lustre_file_system.checkpoints",
            "aws_iam_instance_profile.batch_instance",
            "aws_iam_role.batch_instance",
            "aws_iam_role.batch_service",
            "aws_iam_role.spot_fleet",
            "aws_launch_template.batch_gpu",
            "aws_security_group.batch_compute",
            "aws_security_group.fsx_lustre",
            "module.vpc.aws_subnet.private",
            "module.vpc.aws_vpc.this",
            "module.vpc.aws_vpc_ipv4_cidr_block_association.this"
          ]
        }
      ]
    },
    {
      "mode": "managed",
      "type": "aws_cloudwatch_event_target",
      "name": "sns",
      "provider": "provider[\"registry.terraform.io/hashicorp/aws\"]",
      "instances": [
        {
          "schema_version": 1,
          "attributes": {
            "appsync_target": [],
            "arn": "arn:aws:sns:us-east-1:585780419748:gpu-batch-batch-failures",
            "batch_target": [],
            "dead_letter_config": [],
            "ecs_target": [],
            "event_bus_name": "default",
            "force_destroy": false,
            "http_target": [],
            "id": "gpu-batch-batch-failures-SendToSNS",
            "input": "",
            "input_path": "",
            "input_transformer": [
              {
                "input_paths": {
                  "job": "$.detail.jobName",
                  "reason": "$.detail.statusReason",
                  "status": "$.detail.status"
                },
                "input_template": "\"Batch Job Failed: Job=\u003cjob\u003e, Status=\u003cstatus\u003e, Reason=\u003creason\u003e\""
              }
            ],
            "kinesis_target": [],
            "redshift_target": [],
            "retry_policy": [],
            "role_arn": "",
            "rule": "gpu-batch-batch-failures",
            "run_command_targets": [],
            "sagemaker_pipeline_target": [],
            "sqs_target": [],
            "target_id": "SendToSNS"
          },
          "sensitive_attributes": [],
          "identity_schema_version": 0,
          "private": "eyJzY2hlbWFfdmVyc2lvbiI6IjEifQ==",
          "dependencies": [
            "aws_batch_compute_environment.gpu_spot",
            "aws_batch_job_queue.gpu_queue",
            "aws_cloudwatch_event_rule.batch_failures",
            "aws_fsx_lustre_file_system.checkpoints",
            "aws_iam_instance_profile.batch_instance",
            "aws_iam_role.batch_instance",
            "aws_iam_role.batch_service",
            "aws_iam_role.spot_fleet",
            "aws_launch_template.batch_gpu",
            "aws_security_group.batch_compute",
            "aws_security_group.fsx_lustre",
            "aws_sns_topic.batch_failures",
            "module.vpc.aws_subnet.private",
            "module.vpc.aws_vpc.this",
            "module.vpc.aws_vpc_ipv4_cidr_block_association.this"
          ]
        }
      ]
    },
    {
      "mode": "managed",
      "type": "aws_cloudwatch_log_group",
      "name": "batch_jobs",
      "provider": "provider[\"registry.terraform.io/hashicorp/aws\"]",
      "instances": [
        {
          "schema_version": 0,
          "attributes": {
            "arn": "arn:aws:logs:us-east-1:585780419748:log-group:/aws/batch/gpu-batch",
            "id": "/aws/batch/gpu-batch",
            "kms_key_id": "",
            "log_group_class": "STANDARD",
            "name": "/aws/batch/gpu-batch",
            "name_prefix": "",
            "retention_in_days": 7,
            "skip_destroy": false,
            "tags": {
              "Environment": "dev",
              "Project": "gpu-batch"
            },
            "tags_all": {
              "Environment": "dev",
              "ManagedBy": "Terraform",
              "Project": "gpu-batch"
            }
          },
          "sensitive_attributes": [],
          "identity_schema_version": 0,
          "private": "bnVsbA=="
        }
      ]
    },
    {
      "mode": "managed",
      "type": "aws_cloudwatch_log_group",
      "name": "data_ui",
      "provider": "provider[\"registry.terraform.io/hashicorp/aws\"]",
      "instances": [
        {
          "schema_version": 0,
          "attributes": {
            "arn": "arn:aws:logs:us-east-1:585780419748:log-group:/ecs/gpu-batch-data-ui",
            "id": "/ecs/gpu-batch-data-ui",
            "kms_key_id": "",
            "log_group_class": "STANDARD",
            "name": "/ecs/gpu-batch-data-ui",
            "name_prefix": "",
            "retention_in_days": 7,
            "skip_destroy": false,
            "tags": {
              "Environment": "dev",
              "Project": "gpu-batch"
            },
            "tags_all": {
              "Environment": "dev",
              "ManagedBy": "Terraform",
              "Project": "gpu-batch"
            }
          },
          "sensitive_attributes": [],
          "identity_schema_version": 0,
          "private": "bnVsbA=="
        }
      ]
    },
    {
      "mode": "managed",
      "type": "aws_ecr_repository",
      "name": "base_image",
      "provider": "provider[\"registry.terraform.io/hashicorp/aws\"]",
      "instances": [
        {
          "schema_version": 0,
          "attributes": {
            "arn": "arn:aws:ecr:us-east-1:585780419748:repository/gpu-base",
            "encryption_configuration": [
              {
                "encryption_type": "AES256",
                "kms_key": ""
              }
            ],
            "force_delete": null,
            "id": "gpu-base",
            "image_scanning_configuration": [
              {
                "scan_on_push": true
              }
            ],
            "image_tag_mutability": "MUTABLE",
            "name": "gpu-base",
            "registry_id": "585780419748",
            "repository_url": "585780419748.dkr.ecr.us-east-1.amazonaws.com/gpu-base",
            "tags": {
              "Environment": "dev",
              "Name": "Base Image for Team",
              "Project": "gpu-batch"
            },
            "tags_all": {
              "Environment": "dev",
              "ManagedBy": "Terraform",
              "Name": "Base Image for Team",
              "Project": "gpu-batch"
            },
            "timeouts": null
          },
          "sensitive_attributes": [],
          "identity_schema_version": 0,
          "private": "eyJlMmJmYjczMC1lY2FhLTExZTYtOGY4OC0zNDM2M2JjN2M0YzAiOnsiZGVsZXRlIjoxMjAwMDAwMDAwMDAwfX0="
        }
      ]
    },
    {
      "mode": "managed",
      "type": "aws_ecr_repository",
      "name": "data_ui",
      "provider": "provider[\"registry.terraform.io/hashicorp/aws\"]",
      "instances": [
        {
          "schema_version": 0,
          "attributes": {
            "arn": "arn:aws:ecr:us-east-1:585780419748:repository/data-ui",
            "encryption_configuration": [
              {
                "encryption_type": "AES256",
                "kms_key": ""
              }
            ],
            "force_delete": null,
            "id": "data-ui",
            "image_scanning_configuration": [
              {
                "scan_on_push": true
              }
            ],
            "image_tag_mutability": "MUTABLE",
            "name": "data-ui",
            "registry_id": "585780419748",
            "repository_url": "585780419748.dkr.ecr.us-east-1.amazonaws.com/data-ui",
            "tags": {
              "Environment": "dev",
              "Name": "Data UI Container Registry",
              "Project": "gpu-batch"
            },
            "tags_all": {
              "Environment": "dev",
              "ManagedBy": "Terraform",
              "Name": "Data UI Container Registry",
              "Project": "gpu-batch"
            },
            "timeouts": null
          },
          "sensitive_attributes": [],
          "identity_schema_version": 0,
          "private": "eyJlMmJmYjczMC1lY2FhLTExZTYtOGY4OC0zNDM2M2JjN2M0YzAiOnsiZGVsZXRlIjoxMjAwMDAwMDAwMDAwfX0="
        }
      ]
    },
    {
      "mode": "managed",
      "type": "aws_ecr_repository",
      "name": "gpu_jobs",
      "provider": "provider[\"registry.terraform.io/hashicorp/aws\"]",
      "instances": [
        {
          "schema_version": 0,
          "attributes": {
            "arn": "arn:aws:ecr:us-east-1:585780419748:repository/gpu-jobs",
            "encryption_configuration": [
              {
                "encryption_type": "AES256",
                "kms_key": ""
              }
            ],
            "force_delete": null,
            "id": "gpu-jobs",
            "image_scanning_configuration": [
              {
                "scan_on_push": true
              }
            ],
            "image_tag_mutability": "MUTABLE",
            "name": "gpu-jobs",
            "registry_id": "585780419748",
            "repository_url": "585780419748.dkr.ecr.us-east-1.amazonaws.com/gpu-jobs",
            "tags": {
              "Environment": "dev",
              "Name": "GPU Jobs Container Registry",
              "Project": "gpu-batch"
            },
            "tags_all": {
              "Environment": "dev",
              "ManagedBy": "Terraform",
              "Name": "GPU Jobs Container Registry",
              "Project": "gpu-batch"
            },
            "timeouts": null
          },
          "sensitive_attributes": [],
          "identity_schema_version": 0,
          "private": "eyJlMmJmYjczMC1lY2FhLTExZTYtOGY4OC0zNDM2M2JjN2M0YzAiOnsiZGVsZXRlIjoxMjAwMDAwMDAwMDAwfX0="
        }
      ]
    },
    {
      "mode": "managed",
      "type": "aws_ecr_repository_policy",
      "name": "gpu_jobs_cross_account",
      "provider": "provider[\"registry.terraform.io/hashicorp/aws\"]",
      "instances": [
        {
          "schema_version": 0,
          "attributes": {
            "id": "gpu-jobs",
            "policy": "{\"Statement\":[{\"Action\":[\"ecr:BatchCheckLayerAvailability\",\"ecr:BatchGetImage\",\"ecr:CompleteLayerUpload\",\"ecr:GetDownloadUrlForLayer\",\"ecr:InitiateLayerUpload\",\"ecr:PutImage\",\"ecr:UploadLayerPart\"],\"Effect\":\"Allow\",\"Principal\":{\"AWS\":[\"arn:aws:iam::995726271638:root\",\"arn:aws:iam::677748260524:root\",\"arn:aws:iam::509399632158:root\"]},\"Sid\":\"AllowTeamPushPull\"}],\"Version\":\"2012-10-17\"}",
            "registry_id": "585780419748",
            "repository": "gpu-jobs"
          },
          "sensitive_attributes": [],
          "identity_schema_version": 0,
          "private": "bnVsbA==",
          "dependencies": [
            "aws_ecr_repository.gpu_jobs"
          ]
        }
      ]
    },
    {
      "mode": "managed",
      "type": "aws_ecs_cluster",
      "name": "data_ui",
      "provider": "provider[\"registry.terraform.io/hashicorp/aws\"]",
      "instances": [
        {
          "schema_version": 0,
          "attributes": {
            "arn": "arn:aws:ecs:us-east-1:585780419748:cluster/gpu-batch-data-ui",
            "configuration": [],
            "id": "arn:aws:ecs:us-east-1:585780419748:cluster/gpu-batch-data-ui",
            "name": "gpu-batch-data-ui",
            "service_connect_defaults": [],
            "setting": [
              {
                "name": "containerInsights",
                "value": "disabled"
              }
            ],
            "tags": {
              "Environment": "dev",
              "Project": "gpu-batch"
            },
            "tags_all": {
              "Environment": "dev",
              "ManagedBy": "Terraform",
              "Project": "gpu-batch"
            }
          },
          "sensitive_attributes": [],
          "identity_schema_version": 0,
          "private": "bnVsbA=="
        }
      ]
    },
    {
      "mode": "managed",
      "type": "aws_ecs_service",
      "name": "data_ui",
      "provider": "provider[\"registry.terraform.io/hashicorp/aws\"]",
      "instances": [
        {
          "schema_version": 1,
          "attributes": {
            "alarms": [],
            "availability_zone_rebalancing": "DISABLED",
            "capacity_provider_strategy": [],
            "cluster": "arn:aws:ecs:us-east-1:585780419748:cluster/gpu-batch-data-ui",
            "deployment_circuit_breaker": [
              {
                "enable": false,
                "rollback": false
              }
            ],
            "deployment_controller": [
              {
                "type": "ECS"
              }
            ],
            "deployment_maximum_percent": 200,
            "deployment_minimum_healthy_percent": 50,
            "desired_count": 1,
            "enable_ecs_managed_tags": false,
            "enable_execute_command": false,
            "force_delete": null,
            "force_new_deployment": null,
            "health_check_grace_period_seconds": 0,
            "iam_role": "/aws-service-role/ecs.amazonaws.com/AWSServiceRoleForECS",
            "id": "arn:aws:ecs:us-east-1:585780419748:service/gpu-batch-data-ui/gpu-batch-data-ui",
            "launch_type": "FARGATE",
            "load_balancer": [],
            "name": "gpu-batch-data-ui",
            "network_configuration": [
              {
                "assign_public_ip": true,
                "security_groups": [
                  "sg-05e077a2b1d11d45d"
                ],
                "subnets": [
                  "subnet-08d220ca9025cb36f",
                  "subnet-0c2eed1d00af4107f"
                ]
              }
            ],
            "ordered_placement_strategy": [],
            "placement_constraints": [],
            "platform_version": "LATEST",
            "propagate_tags": "NONE",
            "scheduling_strategy": "REPLICA",
            "service_connect_configuration": [],
            "service_registries": [],
            "tags": {
              "Environment": "dev",
              "Project": "gpu-batch"
            },
            "tags_all": {
              "Environment": "dev",
              "ManagedBy": "Terraform",
              "Project": "gpu-batch"
            },
            "task_definition": "arn:aws:ecs:us-east-1:585780419748:task-definition/gpu-batch-data-ui:1",
            "timeouts": null,
            "triggers": {},
            "volume_configuration": [],
            "vpc_lattice_configurations": [],
            "wait_for_steady_state": false
          },
          "sensitive_attributes": [],
          "identity_schema_version": 0,
          "private": "eyJlMmJmYjczMC1lY2FhLTExZTYtOGY4OC0zNDM2M2JjN2M0YzAiOnsiY3JlYXRlIjoxMjAwMDAwMDAwMDAwLCJkZWxldGUiOjEyMDAwMDAwMDAwMDAsInVwZGF0ZSI6MTIwMDAwMDAwMDAwMH0sInNjaGVtYV92ZXJzaW9uIjoiMSJ9",
          "dependencies": [
            "aws_cloudwatch_log_group.data_ui",
            "aws_ecr_repository.data_ui",
            "aws_ecr_repository.gpu_jobs",
            "aws_ecs_cluster.data_ui",
            "aws_ecs_task_definition.data_ui",
            "aws_iam_role.data_ui_execution",
            "aws_s3_bucket.checkpoints",
            "aws_s3_bucket.finished_data",
            "aws_s3_bucket.raw_data",
            "aws_security_group.data_ui",
            "data.aws_caller_identity.current",
            "data.aws_secretsmanager_secret.data_ui_creds",
            "module.vpc.aws_subnet.public",
            "module.vpc.aws_vpc.this",
            "module.vpc.aws_vpc_ipv4_cidr_block_association.this"
          ]
        }
      ]
    },
    {
      "mode": "managed",
      "type": "aws_ecs_task_definition",
      "name": "data_ui",
      "provider": "provider[\"registry.terraform.io/hashicorp/aws\"]",
      "instances": [
        {
          "schema_version": 1,
          "attributes": {
            "arn": "arn:aws:ecs:us-east-1:585780419748:task-definition/gpu-batch-data-ui:1",
            "arn_without_revision": "arn:aws:ecs:us-east-1:585780419748:task-definition/gpu-batch-data-ui",
            "container_definitions": "[{\"environment\":[{\"name\":\"ACCOUNT_ID\",\"value\":\"585780419748\"},{\"name\":\"AWS_REGION\",\"value\":\"us-east-1\"},{\"name\":\"CHECKPOINTS_BUCKET\",\"value\":\"model-checkpoints-585780419748-us-east-1\"},{\"name\":\"ECR_REPOSITORY\",\"value\":\"585780419748.dkr.ecr.us-east-1.amazonaws.com/gpu-jobs\"},{\"name\":\"FINISHED_BUCKET\",\"value\":\"data-finished-585780419748-us-east-1\"},{\"name\":\"RAW_BUCKET\",\"value\":\"data-raw-585780419748-us-east-1\"},{\"name\":\"STREAMLIT_SERVER_ENABLE_CORS\",\"value\":\"false\"},{\"name\":\"STREAMLIT_SERVER_ENABLE_XSRF_PROTECTION\",\"value\":\"true\"}],\"essential\":true,\"image\":\"585780419748.dkr.ecr.us-east-1.amazonaws.com/data-ui:latest\",\"logConfiguration\":{\"logDriver\":\"awslogs\",\"options\":{\"awslogs-region\":\"us-east-1\",\"awslogs-stream-prefix\":\"data-ui\",\"awslogs-group\":\"/ecs/gpu-batch-data-ui\"}},\"mountPoints\":[],\"name\":\"data-ui\",\"portMappings\":[{\"containerPort\":8501,\"hostPort\":8501,\"protocol\":\"tcp\"}],\"secrets\":[{\"name\":\"AWS_ACCESS_KEY_ID\",\"valueFrom\":\"arn:aws:secretsmanager:us-east-1:585780419748:secret:User-Keys-n8ldAJ:AWS_ACCESS_KEY_ID::\"},{\"name\":\"AWS_SECRET_ACCESS_KEY\",\"valueFrom\":\"arn:aws:secretsmanager:us-east-1:585780419748:secret:User-Keys-n8ldAJ:AWS_SECRET_ACCESS_KEY::\"}],\"systemControls\":[],\"volumesFrom\":[]}]",
            "cpu": "1024",
            "enable_fault_injection": false,
            "ephemeral_storage": [],
            "execution_role_arn": "arn:aws:iam::585780419748:role/gpu-batch-data-ui-exec-role",
            "family": "gpu-batch-data-ui",
            "id": "gpu-batch-data-ui",
            "inference_accelerator": [],
            "ipc_mode": "",
            "memory": "6144",
            "network_mode": "awsvpc",
            "pid_mode": "",
            "placement_constraints": [],
            "proxy_configuration": [],
            "requires_compatibilities": [
              "FARGATE"
            ],
            "revision": 1,
            "runtime_platform": [],
            "skip_destroy": false,
            "tags": {
              "Environment": "dev",
              "Project": "gpu-batch"
            },
            "tags_all": {
              "Environment": "dev",
              "ManagedBy": "Terraform",
              "Project": "gpu-batch"
            },
            "task_role_arn": "",
            "track_latest": false,
            "volume": []
          },
          "sensitive_attributes": [],
          "identity_schema_version": 0,
          "private": "eyJzY2hlbWFfdmVyc2lvbiI6IjEifQ==",
          "dependencies": [
            "aws_cloudwatch_log_group.data_ui",
            "aws_ecr_repository.data_ui",
            "aws_ecr_repository.gpu_jobs",
            "aws_iam_role.data_ui_execution",
            "aws_s3_bucket.checkpoints",
            "aws_s3_bucket.finished_data",
            "aws_s3_bucket.raw_data",
            "data.aws_caller_identity.current",
            "data.aws_secretsmanager_secret.data_ui_creds"
          ]
        }
      ]
    },
    {
      "mode": "managed",
      "type": "aws_fsx_lustre_file_system",
      "name": "checkpoints",
      "provider": "provider[\"registry.terraform.io/hashicorp/aws\"]",
      "instances": [
        {
          "schema_version": 0,
          "attributes": {
            "arn": "arn:aws:fsx:us-east-1:585780419748:file-system/fs-03887c188e727f660",
            "auto_import_policy": "",
            "automatic_backup_retention_days": 0,
            "backup_id": null,
            "copy_tags_to_backups": false,
            "daily_automatic_backup_start_time": "",
            "data_compression_type": "NONE",
            "data_read_cache_configuration": [],
            "deployment_type": "PERSISTENT_2",
            "dns_name": "fs-03887c188e727f660.fsx.us-east-1.amazonaws.com",
            "drive_cache_type": "",
            "efa_enabled": false,
            "export_path": "",
            "file_system_type_version": "2.12",
            "final_backup_tags": null,
            "id": "fs-03887c188e727f660",
            "import_path": "",
            "imported_file_chunk_size": 0,
            "kms_key_id": "arn:aws:kms:us-east-1:585780419748:key/c2039edf-28f0-4362-8171-5ef286998d79",
            "log_configuration": [
              {
                "destination": "",
                "level": "DISABLED"
              }
            ],
            "metadata_configuration": [],
            "mount_name": "cwlozbuv",
            "network_interface_ids": [
              "eni-09199cc312f3c1b6c",
              "eni-05f5ce2abdb883300"
            ],
            "owner_id": "585780419748",
            "per_unit_storage_throughput": 500,
            "root_squash_configuration": [],
            "security_group_ids": [
              "sg-07081116a942b8c26"
            ],
            "skip_final_backup": true,
            "storage_capacity": 2400,
            "storage_type": "SSD",
            "subnet_ids": [
              "subnet-005584f2e073f35a9"
            ],
            "tags": {
              "Environment": "dev",
              "Name": "gpu-batch-fsx-checkpoints",
              "Project": "gpu-batch"
            },
            "tags_all": {
              "Environment": "dev",
              "ManagedBy": "Terraform",
              "Name": "gpu-batch-fsx-checkpoints",
              "Project": "gpu-batch"
            },
            "throughput_capacity": 0,
            "timeouts": null,
            "vpc_id": "vpc-013e4c03afc08dde1",
            "weekly_maintenance_start_time": "2:08:30"
          },
          "sensitive_attributes": [],
          "identity_schema_version": 0,
          "private": "eyJlMmJmYjczMC1lY2FhLTExZTYtOGY4OC0zNDM2M2JjN2M0YzAiOnsiY3JlYXRlIjoxODAwMDAwMDAwMDAwLCJkZWxldGUiOjE4MDAwMDAwMDAwMDAsInVwZGF0ZSI6MTgwMDAwMDAwMDAwMH19",
          "dependencies": [
            "aws_security_group.batch_compute",
            "aws_security_group.fsx_lustre",
            "module.vpc.aws_subnet.private",
            "module.vpc.aws_vpc.this",
            "module.vpc.aws_vpc_ipv4_cidr_block_association.this"
          ]
        }
      ]
    },
    {
      "mode": "managed",
      "type": "aws_iam_instance_profile",
      "name": "batch_instance",
      "provider": "provider[\"registry.terraform.io/hashicorp/aws\"]",
      "instances": [
        {
          "schema_version": 0,
          "attributes": {
            "arn": "arn:aws:iam::585780419748:instance-profile/gpu-batch-batch-instance-profile",
            "create_date": "2025-11-06T18:45:31Z",
            "id": "gpu-batch-batch-instance-profile",
            "name": "gpu-batch-batch-instance-profile",
            "name_prefix": "",
            "path": "/",
            "role": "gpu-batch-batch-instance-role",
            "tags": {},
            "tags_all": {
              "Environment": "dev",
              "ManagedBy": "Terraform",
              "Project": "GPU-Batch-Processing"
            },
            "unique_id": "AIPAYQYZ33SSP26HUWOIK"
          },
          "sensitive_attributes": [],
          "identity_schema_version": 0,
          "private": "bnVsbA==",
          "dependencies": [
            "aws_iam_role.batch_instance"
          ]
        }
      ]
    },
    {
      "mode": "managed",
      "type": "aws_iam_policy",
      "name": "data_ui_exec_secrets",
      "provider": "provider[\"registry.terraform.io/hashicorp/aws\"]",
      "instances": [
        {
          "schema_version": 0,
          "attributes": {
            "arn": "arn:aws:iam::585780419748:policy/gpu-batch-data-ui-exec-secrets",
            "attachment_count": 1,
            "description": "",
            "id": "arn:aws:iam::585780419748:policy/gpu-batch-data-ui-exec-secrets",
            "name": "gpu-batch-data-ui-exec-secrets",
            "name_prefix": "",
            "path": "/",
            "policy": "{\"Statement\":[{\"Action\":[\"secretsmanager:GetSecretValue\",\"kms:Decrypt\"],\"Effect\":\"Allow\",\"Resource\":[\"arn:aws:secretsmanager:us-east-1:585780419748:secret:User-Keys-n8ldAJ\",\"arn:aws:kms:us-east-1:585780419748:key/*\"]}],\"Version\":\"2012-10-17\"}",
            "policy_id": "ANPAYQYZ33SSGXEH6U5NF",
            "tags": {},
            "tags_all": {
              "Environment": "dev",
              "ManagedBy": "Terraform",
              "Project": "GPU-Batch-Processing"
            }
          },
          "sensitive_attributes": [],
          "identity_schema_version": 0,
          "private": "bnVsbA==",
          "dependencies": [
            "data.aws_caller_identity.current",
            "data.aws_secretsmanager_secret.data_ui_creds"
          ]
        }
      ]
    },
    {
      "mode": "managed",
      "type": "aws_iam_role",
      "name": "batch_execution",
      "provider": "provider[\"registry.terraform.io/hashicorp/aws\"]",
      "instances": [
        {
          "schema_version": 0,
          "attributes": {
            "arn": "arn:aws:iam::585780419748:role/gpu-batch-batch-execution-role",
            "assume_role_policy": "{\"Statement\":[{\"Action\":\"sts:AssumeRole\",\"Effect\":\"Allow\",\"Principal\":{\"Service\":\"ecs-tasks.amazonaws.com\"}}],\"Version\":\"2012-10-17\"}",
            "create_date": "2025-11-06T18:45:31Z",
            "description": "",
            "force_detach_policies": false,
            "id": "gpu-batch-batch-execution-role",
            "inline_policy": [],
            "managed_policy_arns": [
              "arn:aws:iam::aws:policy/service-role/AmazonECSTaskExecutionRolePolicy"
            ],
            "max_session_duration": 3600,
            "name": "gpu-batch-batch-execution-role",
            "name_prefix": "",
            "path": "/",
            "permissions_boundary": "",
            "tags": {
              "Environment": "dev",
              "Project": "gpu-batch"
            },
            "tags_all": {
              "Environment": "dev",
              "ManagedBy": "Terraform",
              "Project": "gpu-batch"
            },
            "unique_id": "AROAYQYZ33SSK7UTQGPJX"
          },
          "sensitive_attributes": [],
          "identity_schema_version": 0,
          "private": "bnVsbA=="
        }
      ]
    },
    {
      "mode": "managed",
      "type": "aws_iam_role",
      "name": "batch_instance",
      "provider": "provider[\"registry.terraform.io/hashicorp/aws\"]",
      "instances": [
        {
          "schema_version": 0,
          "attributes": {
            "arn": "arn:aws:iam::585780419748:role/gpu-batch-batch-instance-role",
            "assume_role_policy": "{\"Statement\":[{\"Action\":\"sts:AssumeRole\",\"Effect\":\"Allow\",\"Principal\":{\"Service\":\"ec2.amazonaws.com\"}}],\"Version\":\"2012-10-17\"}",
            "create_date": "2025-11-06T18:45:31Z",
            "description": "",
            "force_detach_policies": false,
            "id": "gpu-batch-batch-instance-role",
            "inline_policy": [],
            "managed_policy_arns": [
              "arn:aws:iam::aws:policy/service-role/AmazonEC2ContainerServiceforEC2Role"
            ],
            "max_session_duration": 3600,
            "name": "gpu-batch-batch-instance-role",
            "name_prefix": "",
            "path": "/",
            "permissions_boundary": "",
            "tags": {
              "Environment": "dev",
              "Project": "gpu-batch"
            },
            "tags_all": {
              "Environment": "dev",
              "ManagedBy": "Terraform",
              "Project": "gpu-batch"
            },
            "unique_id": "AROAYQYZ33SSB3F3OVWPP"
          },
          "sensitive_attributes": [],
          "identity_schema_version": 0,
          "private": "bnVsbA=="
        }
      ]
    },
    {
      "mode": "managed",
      "type": "aws_iam_role",
      "name": "batch_job",
      "provider": "provider[\"registry.terraform.io/hashicorp/aws\"]",
      "instances": [
        {
          "schema_version": 0,
          "attributes": {
            "arn": "arn:aws:iam::585780419748:role/gpu-batch-batch-job-role",
            "assume_role_policy": "{\"Statement\":[{\"Action\":\"sts:AssumeRole\",\"Effect\":\"Allow\",\"Principal\":{\"Service\":\"ecs-tasks.amazonaws.com\"}}],\"Version\":\"2012-10-17\"}",
            "create_date": "2025-11-06T18:45:31Z",
            "description": "",
            "force_detach_policies": false,
            "id": "gpu-batch-batch-job-role",
            "inline_policy": [
              {
                "name": "fsx-access",
                "policy": "{\"Version\":\"2012-10-17\",\"Statement\":[{\"Action\":[\"fsx:DescribeFileSystems\",\"fsx:DescribeDataRepositoryTasks\"],\"Effect\":\"Allow\",\"Resource\":\"arn:aws:fsx:us-east-1:585780419748:file-system/fs-03887c188e727f660\"}]}"
              },
              {
                "name": "s3-access",
                "policy": "{\"Version\":\"2012-10-17\",\"Statement\":[{\"Action\":[\"s3:GetObject\",\"s3:ListBucket\"],\"Effect\":\"Allow\",\"Resource\":[\"arn:aws:s3:::data-raw-585780419748-us-east-1\",\"arn:aws:s3:::data-raw-585780419748-us-east-1/*\",\"arn:aws:s3:::model-checkpoints-585780419748-us-east-1\",\"arn:aws:s3:::model-checkpoints-585780419748-us-east-1/*\"]},{\"Action\":[\"s3:PutObject\"],\"Effect\":\"Allow\",\"Resource\":[\"arn:aws:s3:::data-finished-585780419748-us-east-1/*\",\"arn:aws:s3:::model-checkpoints-585780419748-us-east-1/*\"]}]}"
              }
            ],
            "managed_policy_arns": [],
            "max_session_duration": 3600,
            "name": "gpu-batch-batch-job-role",
            "name_prefix": "",
            "path": "/",
            "permissions_boundary": "",
            "tags": {
              "Environment": "dev",
              "Project": "gpu-batch"
            },
            "tags_all": {
              "Environment": "dev",
              "ManagedBy": "Terraform",
              "Project": "gpu-batch"
            },
            "unique_id": "AROAYQYZ33SSGH3JWHCFH"
          },
          "sensitive_attributes": [],
          "identity_schema_version": 0,
          "private": "bnVsbA=="
        }
      ]
    },
    {
      "mode": "managed",
      "type": "aws_iam_role",
      "name": "batch_service",
      "provider": "provider[\"registry.terraform.io/hashicorp/aws\"]",
      "instances": [
        {
          "schema_version": 0,
          "attributes": {
            "arn": "arn:aws:iam::585780419748:role/gpu-batch-batch-service-role",
            "assume_role_policy": "{\"Statement\":[{\"Action\":\"sts:AssumeRole\",\"Effect\":\"Allow\",\"Principal\":{\"Service\":\"batch.amazonaws.com\"}}],\"Version\":\"2012-10-17\"}",
            "create_date": "2025-11-06T18:45:31Z",
            "description": "",
            "force_detach_policies": false,
            "id": "gpu-batch-batch-service-role",
            "inline_policy": [],
            "managed_policy_arns": [
              "arn:aws:iam::aws:policy/service-role/AWSBatchServiceRole"
            ],
            "max_session_duration": 3600,
            "name": "gpu-batch-batch-service-role",
            "name_prefix": "",
            "path": "/",
            "permissions_boundary": "",
            "tags": {
              "Environment": "dev",
              "Project": "gpu-batch"
            },
            "tags_all": {
              "Environment": "dev",
              "ManagedBy": "Terraform",
              "Project": "gpu-batch"
            },
            "unique_id": "AROAYQYZ33SSLNE3DJ457"
          },
          "sensitive_attributes": [],
          "identity_schema_version": 0,
          "private": "bnVsbA=="
        }
      ]
    },
    {
      "mode": "managed",
      "type": "aws_iam_role",
      "name": "data_ops_contributor",
      "provider": "provider[\"registry.terraform.io/hashicorp/aws\"]",
      "instances": [
        {
          "schema_version": 0,
          "attributes": {
            "arn": "arn:aws:iam::585780419748:role/DataOpsContributor",
            "assume_role_policy": "{\"Statement\":[{\"Action\":\"sts:AssumeRole\",\"Condition\":{\"StringEquals\":{\"sts:ExternalId\":\"gpu-batch-fall-2025-secret\"}},\"Effect\":\"Allow\",\"Principal\":{\"AWS\":[\"arn:aws:iam::995726271638:root\",\"arn:aws:iam::677748260524:root\",\"arn:aws:iam::509399632158:root\"]}}],\"Version\":\"2012-10-17\"}",
            "create_date": "2025-11-06T18:45:31Z",
            "description": "",
            "force_detach_policies": false,
            "id": "DataOpsContributor",
            "inline_policy": [
              {
                "name": "contributor-permissions",
                "policy": "{\"Version\":\"2012-10-17\",\"Statement\":[{\"Action\":[\"ecr:GetAuthorizationToken\"],\"Effect\":\"Allow\",\"Resource\":\"*\",\"Sid\":\"ECRAuth\"},{\"Action\":[\"ecr:BatchCheckLayerAvailability\",\"ecr:BatchGetImage\",\"ecr:CompleteLayerUpload\",\"ecr:GetDownloadUrlForLayer\",\"ecr:InitiateLayerUpload\",\"ecr:PutImage\",\"ecr:UploadLayerPart\",\"ecr:DescribeRepositories\",\"ecr:ListImages\"],\"Effect\":\"Allow\",\"Resource\":[\"arn:aws:ecr:us-east-1:585780419748:repository/gpu-jobs\",\"arn:aws:ecr:us-east-1:585780419748:repository/gpu-base\"],\"Sid\":\"ECRPushPull\"},{\"Action\":[\"s3:PutObject\",\"s3:GetObject\",\"s3:ListBucket\"],\"Effect\":\"Allow\",\"Resource\":[\"arn:aws:s3:::data-raw-585780419748-us-east-1/*\",\"arn:aws:s3:::model-checkpoints-585780419748-us-east-1/*\",\"arn:aws:s3:::data-raw-585780419748-us-east-1\",\"arn:aws:s3:::model-checkpoints-585780419748-us-east-1\"],\"Sid\":\"S3Access\"}]}"
              }
            ],
            "managed_policy_arns": [],
            "max_session_duration": 3600,
            "name": "DataOpsContributor",
            "name_prefix": "",
            "path": "/",
            "permissions_boundary": "",
            "tags": {
              "Environment": "dev",
              "Name": "Cross-Account Team Access",
              "Project": "gpu-batch"
            },
            "tags_all": {
              "Environment": "dev",
              "ManagedBy": "Terraform",
              "Name": "Cross-Account Team Access",
              "Project": "gpu-batch"
            },
            "unique_id": "AROAYQYZ33SSCHNFEAEML"
          },
          "sensitive_attributes": [
            [
              {
                "type": "get_attr",
                "value": "assume_role_policy"
              }
            ]
          ],
          "identity_schema_version": 0,
          "private": "bnVsbA=="
        }
      ]
    },
    {
      "mode": "managed",
      "type": "aws_iam_role",
      "name": "data_ui_execution",
      "provider": "provider[\"registry.terraform.io/hashicorp/aws\"]",
      "instances": [
        {
          "schema_version": 0,
          "attributes": {
            "arn": "arn:aws:iam::585780419748:role/gpu-batch-data-ui-exec-role",
            "assume_role_policy": "{\"Statement\":[{\"Action\":\"sts:AssumeRole\",\"Effect\":\"Allow\",\"Principal\":{\"Service\":\"ecs-tasks.amazonaws.com\"}}],\"Version\":\"2012-10-17\"}",
            "create_date": "2025-11-09T23:35:13Z",
            "description": "",
            "force_detach_policies": false,
            "id": "gpu-batch-data-ui-exec-role",
            "inline_policy": [],
            "managed_policy_arns": [
              "arn:aws:iam::585780419748:policy/gpu-batch-data-ui-exec-secrets",
              "arn:aws:iam::aws:policy/service-role/AmazonECSTaskExecutionRolePolicy"
            ],
            "max_session_duration": 3600,
            "name": "gpu-batch-data-ui-exec-role",
            "name_prefix": "",
            "path": "/",
            "permissions_boundary": "",
            "tags": {
              "Environment": "dev",
              "Project": "gpu-batch"
            },
            "tags_all": {
              "Environment": "dev",
              "ManagedBy": "Terraform",
              "Project": "gpu-batch"
            },
            "unique_id": "AROAYQYZ33SSP3QUBBK5G"
          },
          "sensitive_attributes": [],
          "identity_schema_version": 0,
          "private": "bnVsbA=="
        }
      ]
    },
    {
      "mode": "managed",
      "type": "aws_iam_role",
      "name": "spot_fleet",
      "provider": "provider[\"registry.terraform.io/hashicorp/aws\"]",
      "instances": [
        {
          "schema_version": 0,
          "attributes": {
            "arn": "arn:aws:iam::585780419748:role/gpu-batch-spot-fleet-role",
            "assume_role_policy": "{\"Statement\":[{\"Action\":\"sts:AssumeRole\",\"Effect\":\"Allow\",\"Principal\":{\"Service\":\"spotfleet.amazonaws.com\"}}],\"Version\":\"2012-10-17\"}",
            "create_date": "2025-11-06T18:45:31Z",
            "description": "",
            "force_detach_policies": false,
            "id": "gpu-batch-spot-fleet-role",
            "inline_policy": [],
            "managed_policy_arns": [
              "arn:aws:iam::aws:policy/service-role/AmazonEC2SpotFleetTaggingRole"
            ],
            "max_session_duration": 3600,
            "name": "gpu-batch-spot-fleet-role",
            "name_prefix": "",
            "path": "/",
            "permissions_boundary": "",
            "tags": {
              "Environment": "dev",
              "Project": "gpu-batch"
            },
            "tags_all": {
              "Environment": "dev",
              "ManagedBy": "Terraform",
              "Project": "gpu-batch"
            },
            "unique_id": "AROAYQYZ33SSBCJSP2LFT"
          },
          "sensitive_attributes": [],
          "identity_schema_version": 0,
          "private": "bnVsbA=="
        }
      ]
    },
    {
      "mode": "managed",
      "type": "aws_iam_role_policy",
      "name": "batch_job_fsx",
      "provider": "provider[\"registry.terraform.io/hashicorp/aws\"]",
      "instances": [
        {
          "schema_version": 0,
          "attributes": {
            "id": "gpu-batch-batch-job-role:fsx-access",
            "name": "fsx-access",
            "name_prefix": "",
            "policy": "{\"Version\":\"2012-10-17\",\"Statement\":[{\"Action\":[\"fsx:DescribeFileSystems\",\"fsx:DescribeDataRepositoryTasks\"],\"Effect\":\"Allow\",\"Resource\":\"arn:aws:fsx:us-east-1:585780419748:file-system/fs-03887c188e727f660\"}]}",
            "role": "gpu-batch-batch-job-role"
          },
          "sensitive_attributes": [],
          "identity_schema_version": 0,
          "private": "bnVsbA==",
          "dependencies": [
            "aws_fsx_lustre_file_system.checkpoints",
            "aws_iam_role.batch_job",
            "aws_security_group.batch_compute",
            "aws_security_group.fsx_lustre",
            "module.vpc.aws_subnet.private",
            "module.vpc.aws_vpc.this",
            "module.vpc.aws_vpc_ipv4_cidr_block_association.this"
          ]
        }
      ]
    },
    {
      "mode": "managed",
      "type": "aws_iam_role_policy",
      "name": "batch_job_s3",
      "provider": "provider[\"registry.terraform.io/hashicorp/aws\"]",
      "instances": [
        {
          "schema_version": 0,
          "attributes": {
            "id": "gpu-batch-batch-job-role:s3-access",
            "name": "s3-access",
            "name_prefix": "",
            "policy": "{\"Version\":\"2012-10-17\",\"Statement\":[{\"Action\":[\"s3:GetObject\",\"s3:ListBucket\"],\"Effect\":\"Allow\",\"Resource\":[\"arn:aws:s3:::data-raw-585780419748-us-east-1\",\"arn:aws:s3:::data-raw-585780419748-us-east-1/*\",\"arn:aws:s3:::model-checkpoints-585780419748-us-east-1\",\"arn:aws:s3:::model-checkpoints-585780419748-us-east-1/*\"]},{\"Action\":[\"s3:PutObject\"],\"Effect\":\"Allow\",\"Resource\":[\"arn:aws:s3:::data-finished-585780419748-us-east-1/*\",\"arn:aws:s3:::model-checkpoints-585780419748-us-east-1/*\"]}]}",
            "role": "gpu-batch-batch-job-role"
          },
          "sensitive_attributes": [],
          "identity_schema_version": 0,
          "private": "bnVsbA==",
          "dependencies": [
            "aws_iam_role.batch_job",
            "aws_s3_bucket.checkpoints",
            "aws_s3_bucket.finished_data",
            "aws_s3_bucket.raw_data",
            "data.aws_caller_identity.current"
          ]
        }
      ]
    },
    {
      "mode": "managed",
      "type": "aws_iam_role_policy",
      "name": "data_ops_contributor",
      "provider": "provider[\"registry.terraform.io/hashicorp/aws\"]",
      "instances": [
        {
          "schema_version": 0,
          "attributes": {
            "id": "DataOpsContributor:contributor-permissions",
            "name": "contributor-permissions",
            "name_prefix": "",
            "policy": "{\"Version\":\"2012-10-17\",\"Statement\":[{\"Action\":[\"ecr:GetAuthorizationToken\"],\"Effect\":\"Allow\",\"Resource\":\"*\",\"Sid\":\"ECRAuth\"},{\"Action\":[\"ecr:BatchCheckLayerAvailability\",\"ecr:BatchGetImage\",\"ecr:CompleteLayerUpload\",\"ecr:GetDownloadUrlForLayer\",\"ecr:InitiateLayerUpload\",\"ecr:PutImage\",\"ecr:UploadLayerPart\",\"ecr:DescribeRepositories\",\"ecr:ListImages\"],\"Effect\":\"Allow\",\"Resource\":[\"arn:aws:ecr:us-east-1:585780419748:repository/gpu-jobs\",\"arn:aws:ecr:us-east-1:585780419748:repository/gpu-base\"],\"Sid\":\"ECRPushPull\"},{\"Action\":[\"s3:PutObject\",\"s3:GetObject\",\"s3:ListBucket\"],\"Effect\":\"Allow\",\"Resource\":[\"arn:aws:s3:::data-raw-585780419748-us-east-1/*\",\"arn:aws:s3:::model-checkpoints-585780419748-us-east-1/*\",\"arn:aws:s3:::data-raw-585780419748-us-east-1\",\"arn:aws:s3:::model-checkpoints-585780419748-us-east-1\"],\"Sid\":\"S3Access\"}]}",
            "role": "DataOpsContributor"
          },
          "sensitive_attributes": [],
          "identity_schema_version": 0,
          "private": "bnVsbA==",
          "dependencies": [
            "aws_ecr_repository.base_image",
            "aws_ecr_repository.gpu_jobs",
            "aws_iam_role.data_ops_contributor",
            "aws_s3_bucket.checkpoints",
            "aws_s3_bucket.raw_data",
            "data.aws_caller_identity.current"
          ]
        }
      ]
    },
    {
      "mode": "managed",
      "type": "aws_iam_role_policy_attachment",
      "name": "batch_execution",
      "provider": "provider[\"registry.terraform.io/hashicorp/aws\"]",
      "instances": [
        {
          "schema_version": 0,
          "attributes": {
            "id": "gpu-batch-batch-execution-role-20251106184531245400000001",
            "policy_arn": "arn:aws:iam::aws:policy/service-role/AmazonECSTaskExecutionRolePolicy",
            "role": "gpu-batch-batch-execution-role"
          },
          "sensitive_attributes": [],
          "identity_schema_version": 0,
          "private": "bnVsbA==",
          "dependencies": [
            "aws_iam_role.batch_execution"
          ]
        }
      ]
    },
    {
      "mode": "managed",
      "type": "aws_iam_role_policy_attachment",
      "name": "batch_instance_ecs",
      "provider": "provider[\"registry.terraform.io/hashicorp/aws\"]",
      "instances": [
        {
          "schema_version": 0,
          "attributes": {
            "id": "gpu-batch-batch-instance-role-20251106184531501400000003",
            "policy_arn": "arn:aws:iam::aws:policy/service-role/AmazonEC2ContainerServiceforEC2Role",
            "role": "gpu-batch-batch-instance-role"
          },
          "sensitive_attributes": [],
          "identity_schema_version": 0,
          "private": "bnVsbA==",
          "dependencies": [
            "aws_iam_role.batch_instance"
          ]
        }
      ]
    },
    {
      "mode": "managed",
      "type": "aws_iam_role_policy_attachment",
      "name": "batch_service",
      "provider": "provider[\"registry.terraform.io/hashicorp/aws\"]",
      "instances": [
        {
          "schema_version": 0,
          "attributes": {
            "id": "gpu-batch-batch-service-role-20251106184531327100000002",
            "policy_arn": "arn:aws:iam::aws:policy/service-role/AWSBatchServiceRole",
            "role": "gpu-batch-batch-service-role"
          },
          "sensitive_attributes": [],
          "identity_schema_version": 0,
          "private": "bnVsbA==",
          "dependencies": [
            "aws_iam_role.batch_service"
          ]
        }
      ]
    },
    {
      "mode": "managed",
      "type": "aws_iam_role_policy_attachment",
      "name": "data_ui_exec_base",
      "provider": "provider[\"registry.terraform.io/hashicorp/aws\"]",
      "instances": [
        {
          "schema_version": 0,
          "attributes": {
            "id": "gpu-batch-data-ui-exec-role-20251109233513579900000003",
            "policy_arn": "arn:aws:iam::aws:policy/service-role/AmazonECSTaskExecutionRolePolicy",
            "role": "gpu-batch-data-ui-exec-role"
          },
          "sensitive_attributes": [],
          "identity_schema_version": 0,
          "private": "bnVsbA==",
          "dependencies": [
            "aws_iam_role.data_ui_execution"
          ]
        }
      ]
    },
    {
      "mode": "managed",
      "type": "aws_iam_role_policy_attachment",
      "name": "data_ui_exec_secrets_attach",
      "provider": "provider[\"registry.terraform.io/hashicorp/aws\"]",
      "instances": [
        {
          "schema_version": 0,
          "attributes": {
            "id": "gpu-batch-data-ui-exec-role-20251109233513558800000002",
            "policy_arn": "arn:aws:iam::585780419748:policy/gpu-batch-data-ui-exec-secrets",
            "role": "gpu-batch-data-ui-exec-role"
          },
          "sensitive_attributes": [],
          "identity_schema_version": 0,
          "private": "bnVsbA==",
          "dependencies": [
            "aws_iam_policy.data_ui_exec_secrets",
            "aws_iam_role.data_ui_execution",
            "data.aws_caller_identity.current",
            "data.aws_secretsmanager_secret.data_ui_creds"
          ]
        }
      ]
    },
    {
      "mode": "managed",
      "type": "aws_iam_role_policy_attachment",
      "name": "spot_fleet",
      "provider": "provider[\"registry.terraform.io/hashicorp/aws\"]",
      "instances": [
        {
          "schema_version": 0,
          "attributes": {
            "id": "gpu-batch-spot-fleet-role-20251106184531531300000004",
            "policy_arn": "arn:aws:iam::aws:policy/service-role/AmazonEC2SpotFleetTaggingRole",
            "role": "gpu-batch-spot-fleet-role"
          },
          "sensitive_attributes": [],
          "identity_schema_version": 0,
          "private": "bnVsbA==",
          "dependencies": [
            "aws_iam_role.spot_fleet"
          ]
        }
      ]
    },
    {
      "mode": "managed",
      "type": "aws_launch_template",
      "name": "batch_gpu",
      "provider": "provider[\"registry.terraform.io/hashicorp/aws\"]",
      "instances": [
        {
          "schema_version": 0,
          "attributes": {
            "arn": "arn:aws:ec2:us-east-1:585780419748:launch-template/lt-0c58e6b292144033b",
            "block_device_mappings": [
              {
                "device_name": "/dev/xvda",
                "ebs": [
                  {
                    "delete_on_termination": "true",
                    "encrypted": "",
                    "iops": 0,
                    "kms_key_id": "",
                    "snapshot_id": "",
                    "throughput": 0,
                    "volume_initialization_rate": 0,
                    "volume_size": 100,
                    "volume_type": "gp3"
                  }
                ],
                "no_device": "",
                "virtual_name": ""
              }
            ],
            "capacity_reservation_specification": [],
            "cpu_options": [],
            "credit_specification": [],
            "default_version": 1,
            "description": "",
            "disable_api_stop": false,
            "disable_api_termination": false,
            "ebs_optimized": "",
            "elastic_gpu_specifications": [],
            "elastic_inference_accelerator": [],
            "enclave_options": [],
            "hibernation_options": [],
            "iam_instance_profile": [],
            "id": "lt-0c58e6b292144033b",
            "image_id": "",
            "instance_initiated_shutdown_behavior": "",
            "instance_market_options": [],
            "instance_requirements": [],
            "instance_type": "",
            "kernel_id": "",
            "key_name": "",
            "latest_version": 1,
            "license_specification": [],
            "maintenance_options": [],
            "metadata_options": [],
            "monitoring": [],
            "name": "gpu-batch-gpu-20251107171438089900000003",
            "name_prefix": "gpu-batch-gpu-",
            "network_interfaces": [],
            "placement": [],
            "private_dns_name_options": [],
            "ram_disk_id": "",
            "security_group_names": [],
            "tag_specifications": [],
            "tags": {
              "Environment": "dev",
              "Project": "gpu-batch"
            },
            "tags_all": {
              "Environment": "dev",
              "ManagedBy": "Terraform",
              "Project": "gpu-batch"
            },
            "update_default_version": null,
            "user_data": "IyEvYmluL2Jhc2gKIyBDcmVhdGUgdGhpcyBmaWxlIGZvciB0aGUgbGF1bmNoIHRlbXBsYXRlCgpjYXQgPiB1c2VyX2RhdGEuc2ggPDwnRU9GJwojIS9iaW4vYmFzaApzZXQgLWUKCiMgSW5zdGFsbCBMdXN0cmUgY2xpZW50CmFtYXpvbi1saW51eC1leHRyYXMgaW5zdGFsbCAteSBsdXN0cmUKCiMgQ3JlYXRlIG1vdW50IHBvaW50Cm1rZGlyIC1wIC9mc3gKCiMgTW91bnQgRlN4IEx1c3RyZQptb3VudCAtdCBsdXN0cmUgLW8gZGVmYXVsdHMsX25ldGRldixmbG9jayBmcy0wMzg4N2MxODhlNzI3ZjY2MC5mc3gudXMtZWFzdC0xLmFtYXpvbmF3cy5jb21AdGNwOi9jd2xvemJ1diAvZnN4CgojIEFkZCB0byBmc3RhYiBmb3IgcGVyc2lzdGVuY2UKZWNobyAiZnMtMDM4ODdjMTg4ZTcyN2Y2NjAuZnN4LnVzLWVhc3QtMS5hbWF6b25hd3MuY29tQHRjcDovY3dsb3pidXYgL2ZzeCBsdXN0cmUgZGVmYXVsdHMsX25ldGRldixmbG9jayAwIDAiID4+IC9ldGMvZnN0YWIKCiMgVmVyaWZ5IG1vdW50CmRmIC1oIC9mc3gKRU9G",
            "vpc_security_group_ids": []
          },
          "sensitive_attributes": [],
          "identity_schema_version": 0,
          "private": "bnVsbA==",
          "dependencies": [
            "aws_fsx_lustre_file_system.checkpoints",
            "aws_security_group.batch_compute",
            "aws_security_group.fsx_lustre",
            "module.vpc.aws_subnet.private",
            "module.vpc.aws_vpc.this",
            "module.vpc.aws_vpc_ipv4_cidr_block_association.this"
          ]
        }
      ]
    },
    {
      "mode": "managed",
      "type": "aws_s3_bucket",
      "name": "checkpoints",
      "provider": "provider[\"registry.terraform.io/hashicorp/aws\"]",
      "instances": [
        {
          "schema_version": 0,
          "attributes": {
            "acceleration_status": "",
            "acl": null,
            "arn": "arn:aws:s3:::model-checkpoints-585780419748-us-east-1",
            "bucket": "model-checkpoints-585780419748-us-east-1",
            "bucket_domain_name": "model-checkpoints-585780419748-us-east-1.s3.amazonaws.com",
            "bucket_prefix": "",
            "bucket_regional_domain_name": "model-checkpoints-585780419748-us-east-1.s3.us-east-1.amazonaws.com",
            "cors_rule": [],
            "force_destroy": false,
            "grant": [
              {
                "id": "beb315e6e7c50247c883f13b59a1017cff1a76221fbe7df5c65a45f8f34eb71b",
                "permissions": [
                  "FULL_CONTROL"
                ],
                "type": "CanonicalUser",
                "uri": ""
              }
            ],
            "hosted_zone_id": "Z3AQBSTGFYJSTF",
            "id": "model-checkpoints-585780419748-us-east-1",
            "lifecycle_rule": [],
            "logging": [],
            "object_lock_configuration": [],
            "object_lock_enabled": false,
            "policy": "",
            "region": "us-east-1",
            "replication_configuration": [],
            "request_payer": "BucketOwner",
            "server_side_encryption_configuration": [
              {
                "rule": [
                  {
                    "apply_server_side_encryption_by_default": [
                      {
                        "kms_master_key_id": "",
                        "sse_algorithm": "AES256"
                      }
                    ],
                    "bucket_key_enabled": false
                  }
                ]
              }
            ],
            "tags": {
              "Environment": "dev",
              "Name": "Model Checkpoints",
              "Project": "gpu-batch",
              "Type": "Checkpoints"
            },
            "tags_all": {
              "Environment": "dev",
              "ManagedBy": "Terraform",
              "Name": "Model Checkpoints",
              "Project": "gpu-batch",
              "Type": "Checkpoints"
            },
            "timeouts": null,
            "versioning": [
              {
                "enabled": true,
                "mfa_delete": false
              }
            ],
            "website": [],
            "website_domain": null,
            "website_endpoint": null
          },
          "sensitive_attributes": [],
          "identity_schema_version": 0,
          "private": "eyJlMmJmYjczMC1lY2FhLTExZTYtOGY4OC0zNDM2M2JjN2M0YzAiOnsiY3JlYXRlIjoxMjAwMDAwMDAwMDAwLCJkZWxldGUiOjM2MDAwMDAwMDAwMDAsInJlYWQiOjEyMDAwMDAwMDAwMDAsInVwZGF0ZSI6MTIwMDAwMDAwMDAwMH19",
          "dependencies": [
            "data.aws_caller_identity.current"
          ]
        }
      ]
    },
    {
      "mode": "managed",
      "type": "aws_s3_bucket",
      "name": "finished_data",
      "provider": "provider[\"registry.terraform.io/hashicorp/aws\"]",
      "instances": [
        {
          "schema_version": 0,
          "attributes": {
            "acceleration_status": "",
            "acl": null,
            "arn": "arn:aws:s3:::data-finished-585780419748-us-east-1",
            "bucket": "data-finished-585780419748-us-east-1",
            "bucket_domain_name": "data-finished-585780419748-us-east-1.s3.amazonaws.com",
            "bucket_prefix": "",
            "bucket_regional_domain_name": "data-finished-585780419748-us-east-1.s3.us-east-1.amazonaws.com",
            "cors_rule": [],
            "force_destroy": false,
            "grant": [
              {
                "id": "beb315e6e7c50247c883f13b59a1017cff1a76221fbe7df5c65a45f8f34eb71b",
                "permissions": [
                  "FULL_CONTROL"
                ],
                "type": "CanonicalUser",
                "uri": ""
              }
            ],
            "hosted_zone_id": "Z3AQBSTGFYJSTF",
            "id": "data-finished-585780419748-us-east-1",
            "lifecycle_rule": [],
            "logging": [],
            "object_lock_configuration": [],
            "object_lock_enabled": false,
            "policy": "",
            "region": "us-east-1",
            "replication_configuration": [],
            "request_payer": "BucketOwner",
            "server_side_encryption_configuration": [
              {
                "rule": [
                  {
                    "apply_server_side_encryption_by_default": [
                      {
                        "kms_master_key_id": "",
                        "sse_algorithm": "AES256"
                      }
                    ],
                    "bucket_key_enabled": false
                  }
                ]
              }
            ],
            "tags": {
              "Environment": "dev",
              "Name": "Finished Data Bucket",
              "Project": "gpu-batch",
              "Type": "Output"
            },
            "tags_all": {
              "Environment": "dev",
              "ManagedBy": "Terraform",
              "Name": "Finished Data Bucket",
              "Project": "gpu-batch",
              "Type": "Output"
            },
            "timeouts": null,
            "versioning": [
              {
                "enabled": false,
                "mfa_delete": false
              }
            ],
            "website": [],
            "website_domain": null,
            "website_endpoint": null
          },
          "sensitive_attributes": [],
          "identity_schema_version": 0,
          "private": "eyJlMmJmYjczMC1lY2FhLTExZTYtOGY4OC0zNDM2M2JjN2M0YzAiOnsiY3JlYXRlIjoxMjAwMDAwMDAwMDAwLCJkZWxldGUiOjM2MDAwMDAwMDAwMDAsInJlYWQiOjEyMDAwMDAwMDAwMDAsInVwZGF0ZSI6MTIwMDAwMDAwMDAwMH19",
          "dependencies": [
            "data.aws_caller_identity.current"
          ]
        }
      ]
    },
    {
      "mode": "managed",
      "type": "aws_s3_bucket",
      "name": "raw_data",
      "provider": "provider[\"registry.terraform.io/hashicorp/aws\"]",
      "instances": [
        {
          "schema_version": 0,
          "attributes": {
            "acceleration_status": "",
            "acl": null,
            "arn": "arn:aws:s3:::data-raw-585780419748-us-east-1",
            "bucket": "data-raw-585780419748-us-east-1",
            "bucket_domain_name": "data-raw-585780419748-us-east-1.s3.amazonaws.com",
            "bucket_prefix": "",
            "bucket_regional_domain_name": "data-raw-585780419748-us-east-1.s3.us-east-1.amazonaws.com",
            "cors_rule": [],
            "force_destroy": false,
            "grant": [
              {
                "id": "beb315e6e7c50247c883f13b59a1017cff1a76221fbe7df5c65a45f8f34eb71b",
                "permissions": [
                  "FULL_CONTROL"
                ],
                "type": "CanonicalUser",
                "uri": ""
              }
            ],
            "hosted_zone_id": "Z3AQBSTGFYJSTF",
            "id": "data-raw-585780419748-us-east-1",
            "lifecycle_rule": [],
            "logging": [],
            "object_lock_configuration": [],
            "object_lock_enabled": false,
            "policy": "",
            "region": "us-east-1",
            "replication_configuration": [],
            "request_payer": "BucketOwner",
            "server_side_encryption_configuration": [
              {
                "rule": [
                  {
                    "apply_server_side_encryption_by_default": [
                      {
                        "kms_master_key_id": "",
                        "sse_algorithm": "AES256"
                      }
                    ],
                    "bucket_key_enabled": false
                  }
                ]
              }
            ],
            "tags": {
              "Environment": "dev",
              "Name": "Raw Data Bucket",
              "Project": "gpu-batch",
              "Type": "Input"
            },
            "tags_all": {
              "Environment": "dev",
              "ManagedBy": "Terraform",
              "Name": "Raw Data Bucket",
              "Project": "gpu-batch",
              "Type": "Input"
            },
            "timeouts": null,
            "versioning": [
              {
                "enabled": false,
                "mfa_delete": false
              }
            ],
            "website": [],
            "website_domain": null,
            "website_endpoint": null
          },
          "sensitive_attributes": [],
          "identity_schema_version": 0,
          "private": "eyJlMmJmYjczMC1lY2FhLTExZTYtOGY4OC0zNDM2M2JjN2M0YzAiOnsiY3JlYXRlIjoxMjAwMDAwMDAwMDAwLCJkZWxldGUiOjM2MDAwMDAwMDAwMDAsInJlYWQiOjEyMDAwMDAwMDAwMDAsInVwZGF0ZSI6MTIwMDAwMDAwMDAwMH19",
          "dependencies": [
            "data.aws_caller_identity.current"
          ]
        }
      ]
    },
    {
      "mode": "managed",
      "type": "aws_s3_bucket_ownership_controls",
      "name": "checkpoints",
      "provider": "provider[\"registry.terraform.io/hashicorp/aws\"]",
      "instances": [
        {
          "schema_version": 0,
          "attributes": {
            "bucket": "model-checkpoints-585780419748-us-east-1",
            "id": "model-checkpoints-585780419748-us-east-1",
            "rule": [
              {
                "object_ownership": "BucketOwnerEnforced"
              }
            ]
          },
          "sensitive_attributes": [],
          "identity_schema_version": 0,
          "private": "bnVsbA==",
          "dependencies": [
            "aws_s3_bucket.checkpoints",
            "data.aws_caller_identity.current"
          ]
        }
      ]
    },
    {
      "mode": "managed",
      "type": "aws_s3_bucket_ownership_controls",
      "name": "finished_data",
      "provider": "provider[\"registry.terraform.io/hashicorp/aws\"]",
      "instances": [
        {
          "schema_version": 0,
          "attributes": {
            "bucket": "data-finished-585780419748-us-east-1",
            "id": "data-finished-585780419748-us-east-1",
            "rule": [
              {
                "object_ownership": "BucketOwnerEnforced"
              }
            ]
          },
          "sensitive_attributes": [],
          "identity_schema_version": 0,
          "private": "bnVsbA==",
          "dependencies": [
            "aws_s3_bucket.finished_data",
            "data.aws_caller_identity.current"
          ]
        }
      ]
    },
    {
      "mode": "managed",
      "type": "aws_s3_bucket_ownership_controls",
      "name": "raw_data",
      "provider": "provider[\"registry.terraform.io/hashicorp/aws\"]",
      "instances": [
        {
          "schema_version": 0,
          "attributes": {
            "bucket": "data-raw-585780419748-us-east-1",
            "id": "data-raw-585780419748-us-east-1",
            "rule": [
              {
                "object_ownership": "BucketOwnerEnforced"
              }
            ]
          },
          "sensitive_attributes": [],
          "identity_schema_version": 0,
          "private": "bnVsbA==",
          "dependencies": [
            "aws_s3_bucket.raw_data",
            "data.aws_caller_identity.current"
          ]
        }
      ]
    },
    {
      "mode": "managed",
      "type": "aws_s3_bucket_versioning",
      "name": "checkpoints",
      "provider": "provider[\"registry.terraform.io/hashicorp/aws\"]",
      "instances": [
        {
          "schema_version": 0,
          "attributes": {
            "bucket": "model-checkpoints-585780419748-us-east-1",
            "expected_bucket_owner": "",
            "id": "model-checkpoints-585780419748-us-east-1",
            "mfa": null,
            "versioning_configuration": [
              {
                "mfa_delete": "",
                "status": "Enabled"
              }
            ]
          },
          "sensitive_attributes": [],
          "identity_schema_version": 0,
          "private": "bnVsbA==",
          "dependencies": [
            "aws_s3_bucket.checkpoints",
            "data.aws_caller_identity.current"
          ]
        }
      ]
    },
    {
      "mode": "managed",
      "type": "aws_security_group",
      "name": "batch_compute",
      "provider": "provider[\"registry.terraform.io/hashicorp/aws\"]",
      "instances": [
        {
          "schema_version": 1,
          "attributes": {
            "arn": "arn:aws:ec2:us-east-1:585780419748:security-group/sg-0c3ef68715e5dbca9",
            "description": "Security group for Batch compute instances",
            "egress": [
              {
                "cidr_blocks": [
                  "0.0.0.0/0"
                ],
                "description": "",
                "from_port": 0,
                "ipv6_cidr_blocks": [],
                "prefix_list_ids": [],
                "protocol": "-1",
                "security_groups": [],
                "self": false,
                "to_port": 0
              }
            ],
            "id": "sg-0c3ef68715e5dbca9",
            "ingress": [],
            "name": "gpu-batch-batch-20251106184543332500000007",
            "name_prefix": "gpu-batch-batch-",
            "owner_id": "585780419748",
            "revoke_rules_on_delete": false,
            "tags": {
              "Environment": "dev",
              "Name": "gpu-batch-batch-compute-sg",
              "Project": "gpu-batch"
            },
            "tags_all": {
              "Environment": "dev",
              "ManagedBy": "Terraform",
              "Name": "gpu-batch-batch-compute-sg",
              "Project": "gpu-batch"
            },
            "timeouts": null,
            "vpc_id": "vpc-013e4c03afc08dde1"
          },
          "sensitive_attributes": [],
          "identity_schema_version": 0,
          "private": "eyJlMmJmYjczMC1lY2FhLTExZTYtOGY4OC0zNDM2M2JjN2M0YzAiOnsiY3JlYXRlIjo2MDAwMDAwMDAwMDAsImRlbGV0ZSI6OTAwMDAwMDAwMDAwfSwic2NoZW1hX3ZlcnNpb24iOiIxIn0=",
          "dependencies": [
            "module.vpc.aws_vpc.this"
          ]
        }
      ]
    },
    {
      "mode": "managed",
      "type": "aws_security_group",
      "name": "data_ui",
      "provider": "provider[\"registry.terraform.io/hashicorp/aws\"]",
      "instances": [
        {
          "schema_version": 1,
          "attributes": {
            "arn": "arn:aws:ec2:us-east-1:585780419748:security-group/sg-05e077a2b1d11d45d",
            "description": "Security group for data-ui service",
            "egress": [
              {
                "cidr_blocks": [
                  "0.0.0.0/0"
                ],
                "description": "",
                "from_port": 0,
                "ipv6_cidr_blocks": [],
                "prefix_list_ids": [],
                "protocol": "-1",
                "security_groups": [],
                "self": false,
                "to_port": 0
              }
            ],
            "id": "sg-05e077a2b1d11d45d",
            "ingress": [
              {
                "cidr_blocks": [
                  "0.0.0.0/0"
                ],
                "description": "",
                "from_port": 8501,
                "ipv6_cidr_blocks": [],
                "prefix_list_ids": [],
                "protocol": "tcp",
                "security_groups": [],
                "self": false,
                "to_port": 8501
              }
            ],
            "name": "gpu-batch-data-ui-20251109233513126900000001",
            "name_prefix": "gpu-batch-data-ui-",
            "owner_id": "585780419748",
            "revoke_rules_on_delete": false,
            "tags": {
              "Environment": "dev",
              "Name": "gpu-batch-data-ui-sg",
              "Project": "gpu-batch"
            },
            "tags_all": {
              "Environment": "dev",
              "ManagedBy": "Terraform",
              "Name": "gpu-batch-data-ui-sg",
              "Project": "gpu-batch"
            },
            "timeouts": null,
            "vpc_id": "vpc-013e4c03afc08dde1"
          },
          "sensitive_attributes": [],
          "identity_schema_version": 0,
          "private": "eyJlMmJmYjczMC1lY2FhLTExZTYtOGY4OC0zNDM2M2JjN2M0YzAiOnsiY3JlYXRlIjo2MDAwMDAwMDAwMDAsImRlbGV0ZSI6OTAwMDAwMDAwMDAwfSwic2NoZW1hX3ZlcnNpb24iOiIxIn0=",
          "dependencies": [
            "module.vpc.aws_vpc.this"
          ]
        }
      ]
    },
    {
      "mode": "managed",
      "type": "aws_security_group",
      "name": "fsx_lustre",
      "provider": "provider[\"registry.terraform.io/hashicorp/aws\"]",
      "instances": [
        {
          "schema_version": 1,
          "attributes": {
            "arn": "arn:aws:ec2:us-east-1:585780419748:security-group/sg-07081116a942b8c26",
            "description": "Security group for FSx Lustre",
            "egress": [
              {
                "cidr_blocks": [
                  "0.0.0.0/0"
                ],
                "description": "",
                "from_port": 0,
                "ipv6_cidr_blocks": [],
                "prefix_list_ids": [],
                "protocol": "-1",
                "security_groups": [],
                "self": false,
                "to_port": 0
              }
            ],
            "id": "sg-07081116a942b8c26",
            "ingress": [
              {
                "cidr_blocks": [],
                "description": "",
                "from_port": 1018,
                "ipv6_cidr_blocks": [],
                "prefix_list_ids": [],
                "protocol": "tcp",
                "security_groups": [
                  "sg-0c3ef68715e5dbca9"
                ],
                "self": false,
                "to_port": 1023
              },
              {
                "cidr_blocks": [],
                "description": "",
                "from_port": 988,
                "ipv6_cidr_blocks": [],
                "prefix_list_ids": [],
                "protocol": "tcp",
                "security_groups": [
                  "sg-0c3ef68715e5dbca9"
                ],
                "self": false,
                "to_port": 988
              }
            ],
            "name": "gpu-batch-fsx-20251107042419219100000001",
            "name_prefix": "gpu-batch-fsx-",
            "owner_id": "585780419748",
            "revoke_rules_on_delete": false,
            "tags": {
              "Environment": "dev",
              "Name": "gpu-batch-fsx-sg",
              "Project": "gpu-batch"
            },
            "tags_all": {
              "Environment": "dev",
              "ManagedBy": "Terraform",
              "Name": "gpu-batch-fsx-sg",
              "Project": "gpu-batch"
            },
            "timeouts": null,
            "vpc_id": "vpc-013e4c03afc08dde1"
          },
          "sensitive_attributes": [],
          "identity_schema_version": 0,
          "private": "eyJlMmJmYjczMC1lY2FhLTExZTYtOGY4OC0zNDM2M2JjN2M0YzAiOnsiY3JlYXRlIjo2MDAwMDAwMDAwMDAsImRlbGV0ZSI6OTAwMDAwMDAwMDAwfSwic2NoZW1hX3ZlcnNpb24iOiIxIn0=",
          "dependencies": [
            "aws_security_group.batch_compute",
            "module.vpc.aws_vpc.this"
          ]
        }
      ]
    },
    {
      "mode": "managed",
      "type": "aws_security_group_rule",
      "name": "fsx_self_1018_1023",
      "provider": "provider[\"registry.terraform.io/hashicorp/aws\"]",
      "instances": [
        {
          "schema_version": 2,
          "attributes": {
            "cidr_blocks": null,
            "description": null,
            "from_port": 1018,
            "id": "sgrule-493873727",
            "ipv6_cidr_blocks": null,
            "prefix_list_ids": null,
            "protocol": "tcp",
            "security_group_id": "sg-07081116a942b8c26",
            "security_group_rule_id": "sgr-0220bb21a3720b25f",
            "self": false,
            "source_security_group_id": "sg-07081116a942b8c26",
            "timeouts": null,
            "to_port": 1023,
            "type": "ingress"
          },
          "sensitive_attributes": [],
          "identity_schema_version": 0,
          "private": "eyJlMmJmYjczMC1lY2FhLTExZTYtOGY4OC0zNDM2M2JjN2M0YzAiOnsiY3JlYXRlIjozMDAwMDAwMDAwMDB9LCJzY2hlbWFfdmVyc2lvbiI6IjIifQ==",
          "dependencies": [
            "aws_security_group.batch_compute",
            "aws_security_group.fsx_lustre",
            "module.vpc.aws_vpc.this"
          ]
        }
      ]
    },
    {
      "mode": "managed",
      "type": "aws_security_group_rule",
      "name": "fsx_self_988",
      "provider": "provider[\"registry.terraform.io/hashicorp/aws\"]",
      "instances": [
        {
          "schema_version": 2,
          "attributes": {
            "cidr_blocks": null,
            "description": null,
            "from_port": 988,
            "id": "sgrule-2092420131",
            "ipv6_cidr_blocks": null,
            "prefix_list_ids": null,
            "protocol": "tcp",
            "security_group_id": "sg-07081116a942b8c26",
            "security_group_rule_id": "sgr-029857dc263173ac0",
            "self": false,
            "source_security_group_id": "sg-07081116a942b8c26",
            "timeouts": null,
            "to_port": 988,
            "type": "ingress"
          },
          "sensitive_attributes": [],
          "identity_schema_version": 0,
          "private": "eyJlMmJmYjczMC1lY2FhLTExZTYtOGY4OC0zNDM2M2JjN2M0YzAiOnsiY3JlYXRlIjozMDAwMDAwMDAwMDB9LCJzY2hlbWFfdmVyc2lvbiI6IjIifQ==",
          "dependencies": [
            "aws_security_group.batch_compute",
            "aws_security_group.fsx_lustre",
            "module.vpc.aws_vpc.this"
          ]
        }
      ]
    },
    {
      "mode": "managed",
      "type": "aws_sns_topic",
      "name": "batch_failures",
      "provider": "provider[\"registry.terraform.io/hashicorp/aws\"]",
      "instances": [
        {
          "schema_version": 0,
          "attributes": {
            "application_failure_feedback_role_arn": "",
            "application_success_feedback_role_arn": "",
            "application_success_feedback_sample_rate": 0,
            "archive_policy": "",
            "arn": "arn:aws:sns:us-east-1:585780419748:gpu-batch-batch-failures",
            "beginning_archive_time": "",
            "content_based_deduplication": false,
            "delivery_policy": "",
            "display_name": "",
            "fifo_throughput_scope": "",
            "fifo_topic": false,
            "firehose_failure_feedback_role_arn": "",
            "firehose_success_feedback_role_arn": "",
            "firehose_success_feedback_sample_rate": 0,
            "http_failure_feedback_role_arn": "",
            "http_success_feedback_role_arn": "",
            "http_success_feedback_sample_rate": 0,
            "id": "arn:aws:sns:us-east-1:585780419748:gpu-batch-batch-failures",
            "kms_master_key_id": "",
            "lambda_failure_feedback_role_arn": "",
            "lambda_success_feedback_role_arn": "",
            "lambda_success_feedback_sample_rate": 0,
            "name": "gpu-batch-batch-failures",
            "name_prefix": "",
            "owner": "585780419748",
            "policy": "{\"Statement\":[{\"Action\":\"SNS:Publish\",\"Condition\":{\"StringEquals\":{\"aws:SourceArn\":\"arn:aws:events:us-east-1:585780419748:rule/gpu-batch-batch-failures\"}},\"Effect\":\"Allow\",\"Principal\":{\"Service\":\"events.amazonaws.com\"},\"Resource\":\"arn:aws:sns:us-east-1:585780419748:gpu-batch-batch-failures\"}],\"Version\":\"2012-10-17\"}",
            "signature_version": 0,
            "sqs_failure_feedback_role_arn": "",
            "sqs_success_feedback_role_arn": "",
            "sqs_success_feedback_sample_rate": 0,
            "tags": {
              "Environment": "dev",
              "Name": "Batch Job Failures",
              "Project": "gpu-batch"
            },
            "tags_all": {
              "Environment": "dev",
              "ManagedBy": "Terraform",
              "Name": "Batch Job Failures",
              "Project": "gpu-batch"
            },
            "tracing_config": ""
          },
          "sensitive_attributes": [],
          "identity_schema_version": 0,
          "private": "bnVsbA=="
        }
      ]
    },
    {
      "mode": "managed",
      "type": "aws_sns_topic_policy",
      "name": "batch_failures",
      "provider": "provider[\"registry.terraform.io/hashicorp/aws\"]",
      "instances": [
        {
          "schema_version": 0,
          "attributes": {
            "arn": "arn:aws:sns:us-east-1:585780419748:gpu-batch-batch-failures",
            "id": "arn:aws:sns:us-east-1:585780419748:gpu-batch-batch-failures",
            "owner": "585780419748",
            "policy": "{\"Statement\":[{\"Action\":\"SNS:Publish\",\"Condition\":{\"StringEquals\":{\"aws:SourceArn\":\"arn:aws:events:us-east-1:585780419748:rule/gpu-batch-batch-failures\"}},\"Effect\":\"Allow\",\"Principal\":{\"Service\":\"events.amazonaws.com\"},\"Resource\":\"arn:aws:sns:us-east-1:585780419748:gpu-batch-batch-failures\"}],\"Version\":\"2012-10-17\"}"
          },
          "sensitive_attributes": [],
          "identity_schema_version": 0,
          "private": "bnVsbA==",
          "dependencies": [
            "aws_batch_compute_environment.gpu_spot",
            "aws_batch_job_queue.gpu_queue",
            "aws_cloudwatch_event_rule.batch_failures",
            "aws_fsx_lustre_file_system.checkpoints",
            "aws_iam_instance_profile.batch_instance",
            "aws_iam_role.batch_instance",
            "aws_iam_role.batch_service",
            "aws_iam_role.spot_fleet",
            "aws_launch_template.batch_gpu",
            "aws_security_group.batch_compute",
            "aws_security_group.fsx_lustre",
            "aws_sns_topic.batch_failures",
            "module.vpc.aws_subnet.private",
            "module.vpc.aws_vpc.this",
            "module.vpc.aws_vpc_ipv4_cidr_block_association.this"
          ]
        }
      ]
    },
    {
      "mode": "managed",
      "type": "aws_sns_topic_subscription",
      "name": "batch_failures_email",
      "provider": "provider[\"registry.terraform.io/hashicorp/aws\"]",
      "instances": [
        {
          "schema_version": 0,
          "attributes": {
            "arn": "arn:aws:sns:us-east-1:585780419748:gpu-batch-batch-failures:c7849873-b348-4437-b6ad-c66542ac9e40",
            "confirmation_timeout_in_minutes": 1,
            "confirmation_was_authenticated": false,
            "delivery_policy": "",
            "endpoint": "jrobert+11851@andrew.cmu.edu",
            "endpoint_auto_confirms": false,
            "filter_policy": "",
            "filter_policy_scope": "",
            "id": "arn:aws:sns:us-east-1:585780419748:gpu-batch-batch-failures:c7849873-b348-4437-b6ad-c66542ac9e40",
            "owner_id": "585780419748",
            "pending_confirmation": true,
            "protocol": "email",
            "raw_message_delivery": false,
            "redrive_policy": "",
            "replay_policy": "",
            "subscription_role_arn": "",
            "topic_arn": "arn:aws:sns:us-east-1:585780419748:gpu-batch-batch-failures"
          },
          "sensitive_attributes": [],
          "identity_schema_version": 0,
          "private": "bnVsbA==",
          "dependencies": [
            "aws_sns_topic.batch_failures"
          ]
        }
      ]
    },
    {
      "module": "module.vpc",
      "mode": "managed",
      "type": "aws_default_network_acl",
      "name": "this",
      "provider": "provider[\"registry.terraform.io/hashicorp/aws\"]",
      "instances": [
        {
          "index_key": 0,
          "schema_version": 0,
          "attributes": {
            "arn": "arn:aws:ec2:us-east-1:585780419748:network-acl/acl-0fe014618713925bd",
            "default_network_acl_id": "acl-0fe014618713925bd",
            "egress": [
              {
                "action": "allow",
                "cidr_block": "",
                "from_port": 0,
                "icmp_code": 0,
                "icmp_type": 0,
                "ipv6_cidr_block": "::/0",
                "protocol": "-1",
                "rule_no": 101,
                "to_port": 0
              },
              {
                "action": "allow",
                "cidr_block": "0.0.0.0/0",
                "from_port": 0,
                "icmp_code": 0,
                "icmp_type": 0,
                "ipv6_cidr_block": "",
                "protocol": "-1",
                "rule_no": 100,
                "to_port": 0
              }
            ],
            "id": "acl-0fe014618713925bd",
            "ingress": [
              {
                "action": "allow",
                "cidr_block": "",
                "from_port": 0,
                "icmp_code": 0,
                "icmp_type": 0,
                "ipv6_cidr_block": "::/0",
                "protocol": "-1",
                "rule_no": 101,
                "to_port": 0
              },
              {
                "action": "allow",
                "cidr_block": "0.0.0.0/0",
                "from_port": 0,
                "icmp_code": 0,
                "icmp_type": 0,
                "ipv6_cidr_block": "",
                "protocol": "-1",
                "rule_no": 100,
                "to_port": 0
              }
            ],
            "owner_id": "585780419748",
            "subnet_ids": [
              "subnet-005584f2e073f35a9",
              "subnet-01aa542b0b47405a8",
              "subnet-08d220ca9025cb36f",
              "subnet-0c2eed1d00af4107f"
            ],
            "tags": {
              "Name": "gpu-batch-vpc-default"
            },
            "tags_all": {
              "Environment": "dev",
              "ManagedBy": "Terraform",
              "Name": "gpu-batch-vpc-default",
              "Project": "GPU-Batch-Processing"
            },
            "vpc_id": "vpc-013e4c03afc08dde1"
          },
          "sensitive_attributes": [],
          "identity_schema_version": 0,
          "private": "bnVsbA==",
          "dependencies": [
            "module.vpc.aws_vpc.this"
          ]
        }
      ]
    },
    {
      "module": "module.vpc",
      "mode": "managed",
      "type": "aws_default_route_table",
      "name": "default",
      "provider": "provider[\"registry.terraform.io/hashicorp/aws\"]",
      "instances": [
        {
          "index_key": 0,
          "schema_version": 0,
          "attributes": {
            "arn": "arn:aws:ec2:us-east-1:585780419748:route-table/rtb-07a03eb7b7b6e3b31",
            "default_route_table_id": "rtb-07a03eb7b7b6e3b31",
            "id": "rtb-07a03eb7b7b6e3b31",
            "owner_id": "585780419748",
            "propagating_vgws": [],
            "route": [],
            "tags": {
              "Name": "gpu-batch-vpc-default"
            },
            "tags_all": {
              "Environment": "dev",
              "ManagedBy": "Terraform",
              "Name": "gpu-batch-vpc-default",
              "Project": "GPU-Batch-Processing"
            },
            "timeouts": {
              "create": "5m",
              "update": "5m"
            },
            "vpc_id": "vpc-013e4c03afc08dde1"
          },
          "sensitive_attributes": [],
          "identity_schema_version": 0,
          "private": "eyJlMmJmYjczMC1lY2FhLTExZTYtOGY4OC0zNDM2M2JjN2M0YzAiOnsiY3JlYXRlIjozMDAwMDAwMDAwMDAsInVwZGF0ZSI6MzAwMDAwMDAwMDAwfX0=",
          "dependencies": [
            "module.vpc.aws_vpc.this"
          ]
        }
      ]
    },
    {
      "module": "module.vpc",
      "mode": "managed",
      "type": "aws_default_security_group",
      "name": "this",
      "provider": "provider[\"registry.terraform.io/hashicorp/aws\"]",
      "instances": [
        {
          "index_key": 0,
          "schema_version": 1,
          "attributes": {
            "arn": "arn:aws:ec2:us-east-1:585780419748:security-group/sg-0825410682b67df8b",
            "description": "default VPC security group",
            "egress": [],
            "id": "sg-0825410682b67df8b",
            "ingress": [],
            "name": "default",
            "name_prefix": "",
            "owner_id": "585780419748",
            "revoke_rules_on_delete": false,
            "tags": {
              "Name": "gpu-batch-vpc-default"
            },
            "tags_all": {
              "Environment": "dev",
              "ManagedBy": "Terraform",
              "Name": "gpu-batch-vpc-default",
              "Project": "GPU-Batch-Processing"
            },
            "vpc_id": "vpc-013e4c03afc08dde1"
          },
          "sensitive_attributes": [],
          "identity_schema_version": 0,
          "private": "eyJzY2hlbWFfdmVyc2lvbiI6IjEifQ==",
          "dependencies": [
            "module.vpc.aws_vpc.this"
          ]
        }
      ]
    },
    {
      "module": "module.vpc",
      "mode": "managed",
      "type": "aws_eip",
      "name": "nat",
      "provider": "provider[\"registry.terraform.io/hashicorp/aws\"]",
      "instances": [
        {
          "index_key": 0,
          "schema_version": 0,
          "attributes": {
            "address": null,
            "allocation_id": "eipalloc-01fde242d1c66f7a6",
            "arn": "arn:aws:ec2:us-east-1:585780419748:elastic-ip/eipalloc-01fde242d1c66f7a6",
            "associate_with_private_ip": null,
            "association_id": "eipassoc-0d52dfb235507f1d8",
            "carrier_ip": "",
            "customer_owned_ip": "",
            "customer_owned_ipv4_pool": "",
            "domain": "vpc",
            "id": "eipalloc-01fde242d1c66f7a6",
            "instance": "",
            "ipam_pool_id": null,
            "network_border_group": "us-east-1",
            "network_interface": "eni-0b13d74b2ace3234a",
            "private_dns": "ip-10-0-1-145.ec2.internal",
            "private_ip": "10.0.1.145",
            "ptr_record": "",
            "public_dns": "ec2-174-129-113-31.compute-1.amazonaws.com",
            "public_ip": "174.129.113.31",
            "public_ipv4_pool": "amazon",
            "tags": {
              "Name": "gpu-batch-vpc-us-east-1a"
            },
            "tags_all": {
              "Environment": "dev",
              "ManagedBy": "Terraform",
              "Name": "gpu-batch-vpc-us-east-1a",
              "Project": "GPU-Batch-Processing"
            },
            "timeouts": null,
            "vpc": true
          },
          "sensitive_attributes": [],
          "identity_schema_version": 0,
          "private": "eyJlMmJmYjczMC1lY2FhLTExZTYtOGY4OC0zNDM2M2JjN2M0YzAiOnsiZGVsZXRlIjoxODAwMDAwMDAwMDAsInJlYWQiOjkwMDAwMDAwMDAwMCwidXBkYXRlIjozMDAwMDAwMDAwMDB9fQ==",
          "dependencies": [
            "module.vpc.aws_internet_gateway.this",
            "module.vpc.aws_vpc.this",
            "module.vpc.aws_vpc_ipv4_cidr_block_association.this"
          ]
        }
      ]
    },
    {
      "module": "module.vpc",
      "mode": "managed",
      "type": "aws_internet_gateway",
      "name": "this",
      "provider": "provider[\"registry.terraform.io/hashicorp/aws\"]",
      "instances": [
        {
          "index_key": 0,
          "schema_version": 0,
          "attributes": {
            "arn": "arn:aws:ec2:us-east-1:585780419748:internet-gateway/igw-0db5a177ffd5e69d8",
            "id": "igw-0db5a177ffd5e69d8",
            "owner_id": "585780419748",
            "tags": {
              "Name": "gpu-batch-vpc"
            },
            "tags_all": {
              "Environment": "dev",
              "ManagedBy": "Terraform",
              "Name": "gpu-batch-vpc",
              "Project": "GPU-Batch-Processing"
            },
            "timeouts": null,
            "vpc_id": "vpc-013e4c03afc08dde1"
          },
          "sensitive_attributes": [],
          "identity_schema_version": 0,
          "private": "eyJlMmJmYjczMC1lY2FhLTExZTYtOGY4OC0zNDM2M2JjN2M0YzAiOnsiY3JlYXRlIjoxMjAwMDAwMDAwMDAwLCJkZWxldGUiOjEyMDAwMDAwMDAwMDAsInVwZGF0ZSI6MTIwMDAwMDAwMDAwMH19",
          "dependencies": [
            "module.vpc.aws_vpc.this",
            "module.vpc.aws_vpc_ipv4_cidr_block_association.this"
          ]
        }
      ]
    },
    {
      "module": "module.vpc",
      "mode": "managed",
      "type": "aws_nat_gateway",
      "name": "this",
      "provider": "provider[\"registry.terraform.io/hashicorp/aws\"]",
      "instances": [
        {
          "index_key": 0,
          "schema_version": 0,
          "attributes": {
            "allocation_id": "eipalloc-01fde242d1c66f7a6",
            "association_id": "eipassoc-0d52dfb235507f1d8",
            "connectivity_type": "public",
            "id": "nat-093011fcfb3e488c3",
            "network_interface_id": "eni-0b13d74b2ace3234a",
            "private_ip": "10.0.1.145",
            "public_ip": "174.129.113.31",
            "secondary_allocation_ids": [],
            "secondary_private_ip_address_count": 0,
            "secondary_private_ip_addresses": [],
            "subnet_id": "subnet-08d220ca9025cb36f",
            "tags": {
              "Name": "gpu-batch-vpc-us-east-1a"
            },
            "tags_all": {
              "Environment": "dev",
              "ManagedBy": "Terraform",
              "Name": "gpu-batch-vpc-us-east-1a",
              "Project": "GPU-Batch-Processing"
            },
            "timeouts": null
          },
          "sensitive_attributes": [],
          "identity_schema_version": 0,
          "private": "eyJlMmJmYjczMC1lY2FhLTExZTYtOGY4OC0zNDM2M2JjN2M0YzAiOnsiY3JlYXRlIjo2MDAwMDAwMDAwMDAsImRlbGV0ZSI6MTgwMDAwMDAwMDAwMCwidXBkYXRlIjo2MDAwMDAwMDAwMDB9fQ==",
          "dependencies": [
            "module.vpc.aws_eip.nat",
            "module.vpc.aws_internet_gateway.this",
            "module.vpc.aws_subnet.public",
            "module.vpc.aws_vpc.this",
            "module.vpc.aws_vpc_ipv4_cidr_block_association.this"
          ]
        }
      ]
    },
    {
      "module": "module.vpc",
      "mode": "managed",
      "type": "aws_route",
      "name": "private_nat_gateway",
      "provider": "provider[\"registry.terraform.io/hashicorp/aws\"]",
      "instances": [
        {
          "index_key": 0,
          "schema_version": 0,
          "attributes": {
            "carrier_gateway_id": "",
            "core_network_arn": "",
            "destination_cidr_block": "0.0.0.0/0",
            "destination_ipv6_cidr_block": "",
            "destination_prefix_list_id": "",
            "egress_only_gateway_id": "",
            "gateway_id": "",
            "id": "r-rtb-09d23e5e98a1a72751080289494",
            "instance_id": "",
            "instance_owner_id": "",
            "local_gateway_id": "",
            "nat_gateway_id": "nat-093011fcfb3e488c3",
            "network_interface_id": "",
            "origin": "CreateRoute",
            "route_table_id": "rtb-09d23e5e98a1a7275",
            "state": "active",
            "timeouts": {
              "create": "5m",
              "delete": null,
              "update": null
            },
            "transit_gateway_id": "",
            "vpc_endpoint_id": "",
            "vpc_peering_connection_id": ""
          },
          "sensitive_attributes": [],
          "identity_schema_version": 0,
          "private": "eyJlMmJmYjczMC1lY2FhLTExZTYtOGY4OC0zNDM2M2JjN2M0YzAiOnsiY3JlYXRlIjozMDAwMDAwMDAwMDAsImRlbGV0ZSI6MzAwMDAwMDAwMDAwLCJ1cGRhdGUiOjEyMDAwMDAwMDAwMH19",
          "dependencies": [
            "module.vpc.aws_eip.nat",
            "module.vpc.aws_internet_gateway.this",
            "module.vpc.aws_nat_gateway.this",
            "module.vpc.aws_route_table.private",
            "module.vpc.aws_subnet.public",
            "module.vpc.aws_vpc.this",
            "module.vpc.aws_vpc_ipv4_cidr_block_association.this"
          ]
        }
      ]
    },
    {
      "module": "module.vpc",
      "mode": "managed",
      "type": "aws_route",
      "name": "public_internet_gateway",
      "provider": "provider[\"registry.terraform.io/hashicorp/aws\"]",
      "instances": [
        {
          "index_key": 0,
          "schema_version": 0,
          "attributes": {
            "carrier_gateway_id": "",
            "core_network_arn": "",
            "destination_cidr_block": "0.0.0.0/0",
            "destination_ipv6_cidr_block": "",
            "destination_prefix_list_id": "",
            "egress_only_gateway_id": "",
            "gateway_id": "igw-0db5a177ffd5e69d8",
            "id": "r-rtb-04575e1bbb02428061080289494",
            "instance_id": "",
            "instance_owner_id": "",
            "local_gateway_id": "",
            "nat_gateway_id": "",
            "network_interface_id": "",
            "origin": "CreateRoute",
            "route_table_id": "rtb-04575e1bbb0242806",
            "state": "active",
            "timeouts": {
              "create": "5m",
              "delete": null,
              "update": null
            },
            "transit_gateway_id": "",
            "vpc_endpoint_id": "",
            "vpc_peering_connection_id": ""
          },
          "sensitive_attributes": [],
          "identity_schema_version": 0,
          "private": "eyJlMmJmYjczMC1lY2FhLTExZTYtOGY4OC0zNDM2M2JjN2M0YzAiOnsiY3JlYXRlIjozMDAwMDAwMDAwMDAsImRlbGV0ZSI6MzAwMDAwMDAwMDAwLCJ1cGRhdGUiOjEyMDAwMDAwMDAwMH19",
          "dependencies": [
            "module.vpc.aws_internet_gateway.this",
            "module.vpc.aws_route_table.public",
            "module.vpc.aws_vpc.this",
            "module.vpc.aws_vpc_ipv4_cidr_block_association.this"
          ]
        }
      ]
    },
    {
      "module": "module.vpc",
      "mode": "managed",
      "type": "aws_route_table",
      "name": "private",
      "provider": "provider[\"registry.terraform.io/hashicorp/aws\"]",
      "instances": [
        {
          "index_key": 0,
          "schema_version": 0,
          "attributes": {
            "arn": "arn:aws:ec2:us-east-1:585780419748:route-table/rtb-09d23e5e98a1a7275",
            "id": "rtb-09d23e5e98a1a7275",
            "owner_id": "585780419748",
            "propagating_vgws": [],
            "route": [
              {
                "carrier_gateway_id": "",
                "cidr_block": "0.0.0.0/0",
                "core_network_arn": "",
                "destination_prefix_list_id": "",
                "egress_only_gateway_id": "",
                "gateway_id": "",
                "ipv6_cidr_block": "",
                "local_gateway_id": "",
                "nat_gateway_id": "nat-093011fcfb3e488c3",
                "network_interface_id": "",
                "transit_gateway_id": "",
                "vpc_endpoint_id": "",
                "vpc_peering_connection_id": ""
              }
            ],
            "tags": {
              "Name": "gpu-batch-vpc-private"
            },
            "tags_all": {
              "Environment": "dev",
              "ManagedBy": "Terraform",
              "Name": "gpu-batch-vpc-private",
              "Project": "GPU-Batch-Processing"
            },
            "timeouts": null,
            "vpc_id": "vpc-013e4c03afc08dde1"
          },
          "sensitive_attributes": [],
          "identity_schema_version": 0,
          "private": "eyJlMmJmYjczMC1lY2FhLTExZTYtOGY4OC0zNDM2M2JjN2M0YzAiOnsiY3JlYXRlIjozMDAwMDAwMDAwMDAsImRlbGV0ZSI6MzAwMDAwMDAwMDAwLCJ1cGRhdGUiOjEyMDAwMDAwMDAwMH19",
          "dependencies": [
            "module.vpc.aws_vpc.this",
            "module.vpc.aws_vpc_ipv4_cidr_block_association.this"
          ]
        }
      ]
    },
    {
      "module": "module.vpc",
      "mode": "managed",
      "type": "aws_route_table",
      "name": "public",
      "provider": "provider[\"registry.terraform.io/hashicorp/aws\"]",
      "instances": [
        {
          "index_key": 0,
          "schema_version": 0,
          "attributes": {
            "arn": "arn:aws:ec2:us-east-1:585780419748:route-table/rtb-04575e1bbb0242806",
            "id": "rtb-04575e1bbb0242806",
            "owner_id": "585780419748",
            "propagating_vgws": [],
            "route": [
              {
                "carrier_gateway_id": "",
                "cidr_block": "0.0.0.0/0",
                "core_network_arn": "",
                "destination_prefix_list_id": "",
                "egress_only_gateway_id": "",
                "gateway_id": "igw-0db5a177ffd5e69d8",
                "ipv6_cidr_block": "",
                "local_gateway_id": "",
                "nat_gateway_id": "",
                "network_interface_id": "",
                "transit_gateway_id": "",
                "vpc_endpoint_id": "",
                "vpc_peering_connection_id": ""
              }
            ],
            "tags": {
              "Name": "gpu-batch-vpc-public"
            },
            "tags_all": {
              "Environment": "dev",
              "ManagedBy": "Terraform",
              "Name": "gpu-batch-vpc-public",
              "Project": "GPU-Batch-Processing"
            },
            "timeouts": null,
            "vpc_id": "vpc-013e4c03afc08dde1"
          },
          "sensitive_attributes": [],
          "identity_schema_version": 0,
          "private": "eyJlMmJmYjczMC1lY2FhLTExZTYtOGY4OC0zNDM2M2JjN2M0YzAiOnsiY3JlYXRlIjozMDAwMDAwMDAwMDAsImRlbGV0ZSI6MzAwMDAwMDAwMDAwLCJ1cGRhdGUiOjEyMDAwMDAwMDAwMH19",
          "dependencies": [
            "module.vpc.aws_vpc.this",
            "module.vpc.aws_vpc_ipv4_cidr_block_association.this"
          ]
        }
      ]
    },
    {
      "module": "module.vpc",
      "mode": "managed",
      "type": "aws_route_table_association",
      "name": "private",
      "provider": "provider[\"registry.terraform.io/hashicorp/aws\"]",
      "instances": [
        {
          "index_key": 0,
          "schema_version": 0,
          "attributes": {
            "gateway_id": "",
            "id": "rtbassoc-0c44b6168200a511c",
            "route_table_id": "rtb-09d23e5e98a1a7275",
            "subnet_id": "subnet-005584f2e073f35a9",
            "timeouts": null
          },
          "sensitive_attributes": [],
          "identity_schema_version": 0,
          "private": "eyJlMmJmYjczMC1lY2FhLTExZTYtOGY4OC0zNDM2M2JjN2M0YzAiOnsiY3JlYXRlIjozMDAwMDAwMDAwMDAsImRlbGV0ZSI6MzAwMDAwMDAwMDAwLCJ1cGRhdGUiOjEyMDAwMDAwMDAwMH19",
          "dependencies": [
            "module.vpc.aws_route_table.private",
            "module.vpc.aws_subnet.private",
            "module.vpc.aws_vpc.this",
            "module.vpc.aws_vpc_ipv4_cidr_block_association.this"
          ]
        },
        {
          "index_key": 1,
          "schema_version": 0,
          "attributes": {
            "gateway_id": "",
            "id": "rtbassoc-0e0f3f73aac0e96af",
            "route_table_id": "rtb-09d23e5e98a1a7275",
            "subnet_id": "subnet-01aa542b0b47405a8",
            "timeouts": null
          },
          "sensitive_attributes": [],
          "identity_schema_version": 0,
          "private": "eyJlMmJmYjczMC1lY2FhLTExZTYtOGY4OC0zNDM2M2JjN2M0YzAiOnsiY3JlYXRlIjozMDAwMDAwMDAwMDAsImRlbGV0ZSI6MzAwMDAwMDAwMDAwLCJ1cGRhdGUiOjEyMDAwMDAwMDAwMH19",
          "dependencies": [
            "module.vpc.aws_route_table.private",
            "module.vpc.aws_subnet.private",
            "module.vpc.aws_vpc.this",
            "module.vpc.aws_vpc_ipv4_cidr_block_association.this"
          ]
        }
      ]
    },
    {
      "module": "module.vpc",
      "mode": "managed",
      "type": "aws_route_table_association",
      "name": "public",
      "provider": "provider[\"registry.terraform.io/hashicorp/aws\"]",
      "instances": [
        {
          "index_key": 0,
          "schema_version": 0,
          "attributes": {
            "gateway_id": "",
            "id": "rtbassoc-06e0b78399da1d761",
            "route_table_id": "rtb-04575e1bbb0242806",
            "subnet_id": "subnet-08d220ca9025cb36f",
            "timeouts": null
          },
          "sensitive_attributes": [],
          "identity_schema_version": 0,
          "private": "eyJlMmJmYjczMC1lY2FhLTExZTYtOGY4OC0zNDM2M2JjN2M0YzAiOnsiY3JlYXRlIjozMDAwMDAwMDAwMDAsImRlbGV0ZSI6MzAwMDAwMDAwMDAwLCJ1cGRhdGUiOjEyMDAwMDAwMDAwMH19",
          "dependencies": [
            "module.vpc.aws_route_table.public",
            "module.vpc.aws_subnet.public",
            "module.vpc.aws_vpc.this",
            "module.vpc.aws_vpc_ipv4_cidr_block_association.this"
          ]
        },
        {
          "index_key": 1,
          "schema_version": 0,
          "attributes": {
            "gateway_id": "",
            "id": "rtbassoc-0b7545e7935fd7542",
            "route_table_id": "rtb-04575e1bbb0242806",
            "subnet_id": "subnet-0c2eed1d00af4107f",
            "timeouts": null
          },
          "sensitive_attributes": [],
          "identity_schema_version": 0,
          "private": "eyJlMmJmYjczMC1lY2FhLTExZTYtOGY4OC0zNDM2M2JjN2M0YzAiOnsiY3JlYXRlIjozMDAwMDAwMDAwMDAsImRlbGV0ZSI6MzAwMDAwMDAwMDAwLCJ1cGRhdGUiOjEyMDAwMDAwMDAwMH19",
          "dependencies": [
            "module.vpc.aws_route_table.public",
            "module.vpc.aws_subnet.public",
            "module.vpc.aws_vpc.this",
            "module.vpc.aws_vpc_ipv4_cidr_block_association.this"
          ]
        }
      ]
    },
    {
      "module": "module.vpc",
      "mode": "managed",
      "type": "aws_subnet",
      "name": "private",
      "provider": "provider[\"registry.terraform.io/hashicorp/aws\"]",
      "instances": [
        {
          "index_key": 0,
          "schema_version": 1,
          "attributes": {
            "arn": "arn:aws:ec2:us-east-1:585780419748:subnet/subnet-005584f2e073f35a9",
            "assign_ipv6_address_on_creation": false,
            "availability_zone": "us-east-1a",
            "availability_zone_id": "use1-az1",
            "cidr_block": "10.0.11.0/24",
            "customer_owned_ipv4_pool": "",
            "enable_dns64": false,
            "enable_lni_at_device_index": 0,
            "enable_resource_name_dns_a_record_on_launch": false,
            "enable_resource_name_dns_aaaa_record_on_launch": false,
            "id": "subnet-005584f2e073f35a9",
            "ipv6_cidr_block": "",
            "ipv6_cidr_block_association_id": "",
            "ipv6_native": false,
            "map_customer_owned_ip_on_launch": false,
            "map_public_ip_on_launch": false,
            "outpost_arn": "",
            "owner_id": "585780419748",
            "private_dns_hostname_type_on_launch": "ip-name",
            "tags": {
              "Name": "gpu-batch-vpc-private-us-east-1a"
            },
            "tags_all": {
              "Environment": "dev",
              "ManagedBy": "Terraform",
              "Name": "gpu-batch-vpc-private-us-east-1a",
              "Project": "GPU-Batch-Processing"
            },
            "timeouts": null,
            "vpc_id": "vpc-013e4c03afc08dde1"
          },
          "sensitive_attributes": [],
          "identity_schema_version": 0,
          "private": "eyJlMmJmYjczMC1lY2FhLTExZTYtOGY4OC0zNDM2M2JjN2M0YzAiOnsiY3JlYXRlIjo2MDAwMDAwMDAwMDAsImRlbGV0ZSI6MTIwMDAwMDAwMDAwMH0sInNjaGVtYV92ZXJzaW9uIjoiMSJ9",
          "dependencies": [
            "module.vpc.aws_vpc.this",
            "module.vpc.aws_vpc_ipv4_cidr_block_association.this"
          ]
        },
        {
          "index_key": 1,
          "schema_version": 1,
          "attributes": {
            "arn": "arn:aws:ec2:us-east-1:585780419748:subnet/subnet-01aa542b0b47405a8",
            "assign_ipv6_address_on_creation": false,
            "availability_zone": "us-east-1b",
            "availability_zone_id": "use1-az2",
            "cidr_block": "10.0.12.0/24",
            "customer_owned_ipv4_pool": "",
            "enable_dns64": false,
            "enable_lni_at_device_index": 0,
            "enable_resource_name_dns_a_record_on_launch": false,
            "enable_resource_name_dns_aaaa_record_on_launch": false,
            "id": "subnet-01aa542b0b47405a8",
            "ipv6_cidr_block": "",
            "ipv6_cidr_block_association_id": "",
            "ipv6_native": false,
            "map_customer_owned_ip_on_launch": false,
            "map_public_ip_on_launch": false,
            "outpost_arn": "",
            "owner_id": "585780419748",
            "private_dns_hostname_type_on_launch": "ip-name",
            "tags": {
              "Name": "gpu-batch-vpc-private-us-east-1b"
            },
            "tags_all": {
              "Environment": "dev",
              "ManagedBy": "Terraform",
              "Name": "gpu-batch-vpc-private-us-east-1b",
              "Project": "GPU-Batch-Processing"
            },
            "timeouts": null,
            "vpc_id": "vpc-013e4c03afc08dde1"
          },
          "sensitive_attributes": [],
          "identity_schema_version": 0,
          "private": "eyJlMmJmYjczMC1lY2FhLTExZTYtOGY4OC0zNDM2M2JjN2M0YzAiOnsiY3JlYXRlIjo2MDAwMDAwMDAwMDAsImRlbGV0ZSI6MTIwMDAwMDAwMDAwMH0sInNjaGVtYV92ZXJzaW9uIjoiMSJ9",
          "dependencies": [
            "module.vpc.aws_vpc.this",
            "module.vpc.aws_vpc_ipv4_cidr_block_association.this"
          ]
        }
      ]
    },
    {
      "module": "module.vpc",
      "mode": "managed",
      "type": "aws_subnet",
      "name": "public",
      "provider": "provider[\"registry.terraform.io/hashicorp/aws\"]",
      "instances": [
        {
          "index_key": 0,
          "schema_version": 1,
          "attributes": {
            "arn": "arn:aws:ec2:us-east-1:585780419748:subnet/subnet-08d220ca9025cb36f",
            "assign_ipv6_address_on_creation": false,
            "availability_zone": "us-east-1a",
            "availability_zone_id": "use1-az1",
            "cidr_block": "10.0.1.0/24",
            "customer_owned_ipv4_pool": "",
            "enable_dns64": false,
            "enable_lni_at_device_index": 0,
            "enable_resource_name_dns_a_record_on_launch": false,
            "enable_resource_name_dns_aaaa_record_on_launch": false,
            "id": "subnet-08d220ca9025cb36f",
            "ipv6_cidr_block": "",
            "ipv6_cidr_block_association_id": "",
            "ipv6_native": false,
            "map_customer_owned_ip_on_launch": false,
            "map_public_ip_on_launch": false,
            "outpost_arn": "",
            "owner_id": "585780419748",
            "private_dns_hostname_type_on_launch": "ip-name",
            "tags": {
              "Name": "gpu-batch-vpc-public-us-east-1a"
            },
            "tags_all": {
              "Environment": "dev",
              "ManagedBy": "Terraform",
              "Name": "gpu-batch-vpc-public-us-east-1a",
              "Project": "GPU-Batch-Processing"
            },
            "timeouts": null,
            "vpc_id": "vpc-013e4c03afc08dde1"
          },
          "sensitive_attributes": [],
          "identity_schema_version": 0,
          "private": "eyJlMmJmYjczMC1lY2FhLTExZTYtOGY4OC0zNDM2M2JjN2M0YzAiOnsiY3JlYXRlIjo2MDAwMDAwMDAwMDAsImRlbGV0ZSI6MTIwMDAwMDAwMDAwMH0sInNjaGVtYV92ZXJzaW9uIjoiMSJ9",
          "dependencies": [
            "module.vpc.aws_vpc.this",
            "module.vpc.aws_vpc_ipv4_cidr_block_association.this"
          ]
        },
        {
          "index_key": 1,
          "schema_version": 1,
          "attributes": {
            "arn": "arn:aws:ec2:us-east-1:585780419748:subnet/subnet-0c2eed1d00af4107f",
            "assign_ipv6_address_on_creation": false,
            "availability_zone": "us-east-1b",
            "availability_zone_id": "use1-az2",
            "cidr_block": "10.0.2.0/24",
            "customer_owned_ipv4_pool": "",
            "enable_dns64": false,
            "enable_lni_at_device_index": 0,
            "enable_resource_name_dns_a_record_on_launch": false,
            "enable_resource_name_dns_aaaa_record_on_launch": false,
            "id": "subnet-0c2eed1d00af4107f",
            "ipv6_cidr_block": "",
            "ipv6_cidr_block_association_id": "",
            "ipv6_native": false,
            "map_customer_owned_ip_on_launch": false,
            "map_public_ip_on_launch": false,
            "outpost_arn": "",
            "owner_id": "585780419748",
            "private_dns_hostname_type_on_launch": "ip-name",
            "tags": {
              "Name": "gpu-batch-vpc-public-us-east-1b"
            },
            "tags_all": {
              "Environment": "dev",
              "ManagedBy": "Terraform",
              "Name": "gpu-batch-vpc-public-us-east-1b",
              "Project": "GPU-Batch-Processing"
            },
            "timeouts": null,
            "vpc_id": "vpc-013e4c03afc08dde1"
          },
          "sensitive_attributes": [],
          "identity_schema_version": 0,
          "private": "eyJlMmJmYjczMC1lY2FhLTExZTYtOGY4OC0zNDM2M2JjN2M0YzAiOnsiY3JlYXRlIjo2MDAwMDAwMDAwMDAsImRlbGV0ZSI6MTIwMDAwMDAwMDAwMH0sInNjaGVtYV92ZXJzaW9uIjoiMSJ9",
          "dependencies": [
            "module.vpc.aws_vpc.this",
            "module.vpc.aws_vpc_ipv4_cidr_block_association.this"
          ]
        }
      ]
    },
    {
      "module": "module.vpc",
      "mode": "managed",
      "type": "aws_vpc",
      "name": "this",
      "provider": "provider[\"registry.terraform.io/hashicorp/aws\"]",
      "instances": [
        {
          "index_key": 0,
          "schema_version": 1,
          "attributes": {
            "arn": "arn:aws:ec2:us-east-1:585780419748:vpc/vpc-013e4c03afc08dde1",
            "assign_generated_ipv6_cidr_block": false,
            "cidr_block": "10.0.0.0/16",
            "default_network_acl_id": "acl-0fe014618713925bd",
            "default_route_table_id": "rtb-07a03eb7b7b6e3b31",
            "default_security_group_id": "sg-0825410682b67df8b",
            "dhcp_options_id": "dopt-01cb55dc77c90eecb",
            "enable_dns_hostnames": true,
            "enable_dns_support": true,
            "enable_network_address_usage_metrics": false,
            "id": "vpc-013e4c03afc08dde1",
            "instance_tenancy": "default",
            "ipv4_ipam_pool_id": null,
            "ipv4_netmask_length": null,
            "ipv6_association_id": "",
            "ipv6_cidr_block": "",
            "ipv6_cidr_block_network_border_group": "",
            "ipv6_ipam_pool_id": "",
            "ipv6_netmask_length": 0,
            "main_route_table_id": "rtb-07a03eb7b7b6e3b31",
            "owner_id": "585780419748",
            "tags": {
              "Name": "gpu-batch-vpc"
            },
            "tags_all": {
              "Environment": "dev",
              "ManagedBy": "Terraform",
              "Name": "gpu-batch-vpc",
              "Project": "GPU-Batch-Processing"
            }
          },
          "sensitive_attributes": [],
          "identity_schema_version": 0,
          "private": "eyJzY2hlbWFfdmVyc2lvbiI6IjEifQ=="
        }
      ]
    }
  ],
  "check_results": [
    {
      "object_kind": "var",
      "config_addr": "var.fsx_throughput",
      "status": "pass",
      "objects": [
        {
          "object_addr": "var.fsx_throughput",
          "status": "pass"
        }
      ]
    }
  ]
}
